// !$*UTF8*$!
{
	archiveVersion = 1;
	classes = {
	};
	objectVersion = 46;
	objects = {

/* Begin PBXBuildFile section */
		0217454218E35BD100864750 /* QuartzCore.framework in Frameworks */ = {isa = PBXBuildFile; fileRef = 0248362716CC14C4001E03E4 /* QuartzCore.framework */; };
		0217454318E35BEF00864750 /* CoreMedia.framework in Frameworks */ = {isa = PBXBuildFile; fileRef = 0248362116CC14B2001E03E4 /* CoreMedia.framework */; };
		0248362016CC1493001E03E4 /* CoreGraphics.framework in Frameworks */ = {isa = PBXBuildFile; fileRef = 0248361F16CC1493001E03E4 /* CoreGraphics.framework */; };
		0248362416CC14B9001E03E4 /* CoreVideo.framework in Frameworks */ = {isa = PBXBuildFile; fileRef = 0248362316CC14B9001E03E4 /* CoreVideo.framework */; };
		0248362616CC14BF001E03E4 /* ImageIO.framework in Frameworks */ = {isa = PBXBuildFile; fileRef = 0248362516CC14BF001E03E4 /* ImageIO.framework */; };
		024D10E0156EAB6F00FE6872 /* UIKit.framework in Frameworks */ = {isa = PBXBuildFile; fileRef = 024D10DF156EAB6F00FE6872 /* UIKit.framework */; };
		024D10E2156EAB6F00FE6872 /* Foundation.framework in Frameworks */ = {isa = PBXBuildFile; fileRef = 024D10E1156EAB6F00FE6872 /* Foundation.framework */; };
		02C6AF8C156EBEF10052B145 /* AudioToolbox.framework in Frameworks */ = {isa = PBXBuildFile; fileRef = 02C6AF8B156EBEF10052B145 /* AudioToolbox.framework */; };
		02C6AFD7156FCB330052B145 /* main.m in Sources */ = {isa = PBXBuildFile; fileRef = 02C6AFD6156FCB330052B145 /* main.m */; };
		02C6AFDA156FCB4F0052B145 /* ViewController.m in Sources */ = {isa = PBXBuildFile; fileRef = 02C6AFD9156FCB4F0052B145 /* ViewController.m */; };
		02C6AFDD156FCB660052B145 /* AppDelegate.m in Sources */ = {isa = PBXBuildFile; fileRef = 02C6AFDC156FCB660052B145 /* AppDelegate.m */; };
		02C6AFE0156FCBA00052B145 /* ViewController.xib in Resources */ = {isa = PBXBuildFile; fileRef = 02C6AFDE156FCBA00052B145 /* ViewController.xib */; };
		02C6AFE3156FCBA80052B145 /* InfoPlist.strings in Resources */ = {isa = PBXBuildFile; fileRef = 02C6AFE1156FCBA80052B145 /* InfoPlist.strings */; };
		25404718166AC1D200E13304 /* Default-568h@2x.png in Resources */ = {isa = PBXBuildFile; fileRef = 25404717166AC1D200E13304 /* Default-568h@2x.png */; };
		25404737166AC2EA00E13304 /* AVFoundation.framework in Frameworks */ = {isa = PBXBuildFile; fileRef = 25404736166AC2EA00E13304 /* AVFoundation.framework */; };
		25FFF6A61839839400C2E985 /* libZXingObjC-iOS.a in Frameworks */ = {isa = PBXBuildFile; fileRef = 25FFF69B1839837F00C2E985 /* libZXingObjC-iOS.a */; };
/* End PBXBuildFile section */

/* Begin PBXContainerItemProxy section */
		027E587A1ABC5BBC00C334CA /* PBXContainerItemProxy */ = {
			isa = PBXContainerItemProxy;
			containerPortal = 25FFF6921839837E00C2E985 /* ZXingObjC.xcodeproj */;
			proxyType = 2;
			remoteGlobalIDString = DB72547F1A523C9200EFF81B;
			remoteInfo = "iOS Framework";
		};
		25FFF69A1839837F00C2E985 /* PBXContainerItemProxy */ = {
			isa = PBXContainerItemProxy;
			containerPortal = 25FFF6921839837E00C2E985 /* ZXingObjC.xcodeproj */;
			proxyType = 2;
			remoteGlobalIDString = 25403CB3166A96FA00E13304;
			remoteInfo = "ZXingObjC-iOS";
		};
		25FFF69C1839837F00C2E985 /* PBXContainerItemProxy */ = {
			isa = PBXContainerItemProxy;
			containerPortal = 25FFF6921839837E00C2E985 /* ZXingObjC.xcodeproj */;
			proxyType = 2;
			remoteGlobalIDString = 25403CC4166A96FA00E13304;
			remoteInfo = "ZXingObjCTests-iOS";
		};
		25FFF69E1839837F00C2E985 /* PBXContainerItemProxy */ = {
			isa = PBXContainerItemProxy;
			containerPortal = 25FFF6921839837E00C2E985 /* ZXingObjC.xcodeproj */;
			proxyType = 2;
			remoteGlobalIDString = 25404166166AADAC00E13304;
			remoteInfo = "ZXingObjC-osx";
		};
		25FFF6A01839837F00C2E985 /* PBXContainerItemProxy */ = {
			isa = PBXContainerItemProxy;
			containerPortal = 25FFF6921839837E00C2E985 /* ZXingObjC.xcodeproj */;
			proxyType = 2;
			remoteGlobalIDString = 25404178166AADAC00E13304;
			remoteInfo = "ZXingObjCTests-osx";
		};
		25FFF6A21839837F00C2E985 /* PBXContainerItemProxy */ = {
			isa = PBXContainerItemProxy;
			containerPortal = 25FFF6921839837E00C2E985 /* ZXingObjC.xcodeproj */;
			proxyType = 2;
			remoteGlobalIDString = 2540439E166ABA0A00E13304;
			remoteInfo = "OS X Framework";
		};
		25FFF6A41839838B00C2E985 /* PBXContainerItemProxy */ = {
			isa = PBXContainerItemProxy;
			containerPortal = 25FFF6921839837E00C2E985 /* ZXingObjC.xcodeproj */;
			proxyType = 1;
			remoteGlobalIDString = 25403CB2166A96FA00E13304;
			remoteInfo = "ZXingObjC-iOS";
		};
/* End PBXContainerItemProxy section */

/* Begin PBXFileReference section */
		0248361F16CC1493001E03E4 /* CoreGraphics.framework */ = {isa = PBXFileReference; lastKnownFileType = wrapper.framework; name = CoreGraphics.framework; path = System/Library/Frameworks/CoreGraphics.framework; sourceTree = SDKROOT; };
		0248362116CC14B2001E03E4 /* CoreMedia.framework */ = {isa = PBXFileReference; lastKnownFileType = wrapper.framework; name = CoreMedia.framework; path = System/Library/Frameworks/CoreMedia.framework; sourceTree = SDKROOT; };
		0248362316CC14B9001E03E4 /* CoreVideo.framework */ = {isa = PBXFileReference; lastKnownFileType = wrapper.framework; name = CoreVideo.framework; path = System/Library/Frameworks/CoreVideo.framework; sourceTree = SDKROOT; };
		0248362516CC14BF001E03E4 /* ImageIO.framework */ = {isa = PBXFileReference; lastKnownFileType = wrapper.framework; name = ImageIO.framework; path = System/Library/Frameworks/ImageIO.framework; sourceTree = SDKROOT; };
		0248362716CC14C4001E03E4 /* QuartzCore.framework */ = {isa = PBXFileReference; lastKnownFileType = wrapper.framework; name = QuartzCore.framework; path = System/Library/Frameworks/QuartzCore.framework; sourceTree = SDKROOT; };
		024D10DB156EAB6F00FE6872 /* BarcodeScanner.app */ = {isa = PBXFileReference; explicitFileType = wrapper.application; includeInIndex = 0; path = BarcodeScanner.app; sourceTree = BUILT_PRODUCTS_DIR; };
		024D10DF156EAB6F00FE6872 /* UIKit.framework */ = {isa = PBXFileReference; lastKnownFileType = wrapper.framework; name = UIKit.framework; path = System/Library/Frameworks/UIKit.framework; sourceTree = SDKROOT; };
		024D10E1156EAB6F00FE6872 /* Foundation.framework */ = {isa = PBXFileReference; lastKnownFileType = wrapper.framework; name = Foundation.framework; path = System/Library/Frameworks/Foundation.framework; sourceTree = SDKROOT; };
		024D10ED156EAB6F00FE6872 /* BarcodeScanner-Prefix.pch */ = {isa = PBXFileReference; lastKnownFileType = sourcecode.c.h; path = "BarcodeScanner-Prefix.pch"; sourceTree = "<group>"; };
		02C6AF8B156EBEF10052B145 /* AudioToolbox.framework */ = {isa = PBXFileReference; lastKnownFileType = wrapper.framework; name = AudioToolbox.framework; path = System/Library/Frameworks/AudioToolbox.framework; sourceTree = SDKROOT; };
		02C6AFD4156FCB110052B145 /* BarcodeScanner-Info.plist */ = {isa = PBXFileReference; fileEncoding = 4; lastKnownFileType = text.plist.xml; path = "BarcodeScanner-Info.plist"; sourceTree = SOURCE_ROOT; };
		02C6AFD6156FCB330052B145 /* main.m */ = {isa = PBXFileReference; fileEncoding = 4; lastKnownFileType = sourcecode.c.objc; path = main.m; sourceTree = SOURCE_ROOT; };
		02C6AFD8156FCB4F0052B145 /* ViewController.h */ = {isa = PBXFileReference; fileEncoding = 4; lastKnownFileType = sourcecode.c.h; path = ViewController.h; sourceTree = SOURCE_ROOT; };
		02C6AFD9156FCB4F0052B145 /* ViewController.m */ = {isa = PBXFileReference; fileEncoding = 4; lastKnownFileType = sourcecode.c.objc; path = ViewController.m; sourceTree = SOURCE_ROOT; };
		02C6AFDB156FCB660052B145 /* AppDelegate.h */ = {isa = PBXFileReference; fileEncoding = 4; lastKnownFileType = sourcecode.c.h; path = AppDelegate.h; sourceTree = SOURCE_ROOT; };
		02C6AFDC156FCB660052B145 /* AppDelegate.m */ = {isa = PBXFileReference; fileEncoding = 4; lastKnownFileType = sourcecode.c.objc; path = AppDelegate.m; sourceTree = SOURCE_ROOT; };
		02C6AFDF156FCBA00052B145 /* en */ = {isa = PBXFileReference; lastKnownFileType = file.xib; name = en; path = en.lproj/ViewController.xib; sourceTree = SOURCE_ROOT; };
		02C6AFE2156FCBA80052B145 /* en */ = {isa = PBXFileReference; lastKnownFileType = text.plist.strings; name = en; path = en.lproj/InfoPlist.strings; sourceTree = SOURCE_ROOT; };
		25404717166AC1D200E13304 /* Default-568h@2x.png */ = {isa = PBXFileReference; lastKnownFileType = image.png; path = "Default-568h@2x.png"; sourceTree = SOURCE_ROOT; };
		25404736166AC2EA00E13304 /* AVFoundation.framework */ = {isa = PBXFileReference; lastKnownFileType = wrapper.framework; name = AVFoundation.framework; path = System/Library/Frameworks/AVFoundation.framework; sourceTree = SDKROOT; };
		25FFF6921839837E00C2E985 /* ZXingObjC.xcodeproj */ = {isa = PBXFileReference; lastKnownFileType = "wrapper.pb-project"; name = ZXingObjC.xcodeproj; path = ../../ZXingObjC.xcodeproj; sourceTree = "<group>"; };
/* End PBXFileReference section */

/* Begin PBXFrameworksBuildPhase section */
		024D10D8156EAB6F00FE6872 /* Frameworks */ = {
			isa = PBXFrameworksBuildPhase;
			buildActionMask = 2147483647;
			files = (
				0217454318E35BEF00864750 /* CoreMedia.framework in Frameworks */,
				0217454218E35BD100864750 /* QuartzCore.framework in Frameworks */,
				25FFF6A61839839400C2E985 /* libZXingObjC-iOS.a in Frameworks */,
				0248362616CC14BF001E03E4 /* ImageIO.framework in Frameworks */,
				0248362416CC14B9001E03E4 /* CoreVideo.framework in Frameworks */,
				0248362016CC1493001E03E4 /* CoreGraphics.framework in Frameworks */,
				25404737166AC2EA00E13304 /* AVFoundation.framework in Frameworks */,
				02C6AF8C156EBEF10052B145 /* AudioToolbox.framework in Frameworks */,
				024D10E2156EAB6F00FE6872 /* Foundation.framework in Frameworks */,
				024D10E0156EAB6F00FE6872 /* UIKit.framework in Frameworks */,
			);
			runOnlyForDeploymentPostprocessing = 0;
		};
/* End PBXFrameworksBuildPhase section */

/* Begin PBXGroup section */
		024D10D0156EAB6E00FE6872 = {
			isa = PBXGroup;
			children = (
				024D10E5156EAB6F00FE6872 /* BarcodeScanner */,
				024D10DE156EAB6F00FE6872 /* Frameworks */,
				024D10DC156EAB6F00FE6872 /* Products */,
				25FFF6921839837E00C2E985 /* ZXingObjC.xcodeproj */,
			);
			sourceTree = "<group>";
		};
		024D10DC156EAB6F00FE6872 /* Products */ = {
			isa = PBXGroup;
			children = (
				024D10DB156EAB6F00FE6872 /* BarcodeScanner.app */,
			);
			name = Products;
			sourceTree = "<group>";
		};
		024D10DE156EAB6F00FE6872 /* Frameworks */ = {
			isa = PBXGroup;
			children = (
				02C6AF8B156EBEF10052B145 /* AudioToolbox.framework */,
				25404736166AC2EA00E13304 /* AVFoundation.framework */,
				024D10DF156EAB6F00FE6872 /* UIKit.framework */,
				0248362716CC14C4001E03E4 /* QuartzCore.framework */,
				0248362516CC14BF001E03E4 /* ImageIO.framework */,
				0248362316CC14B9001E03E4 /* CoreVideo.framework */,
				0248362116CC14B2001E03E4 /* CoreMedia.framework */,
				0248361F16CC1493001E03E4 /* CoreGraphics.framework */,
				024D10E1156EAB6F00FE6872 /* Foundation.framework */,
			);
			name = Frameworks;
			sourceTree = "<group>";
		};
		024D10E5156EAB6F00FE6872 /* BarcodeScanner */ = {
			isa = PBXGroup;
			children = (
				02C6AFDB156FCB660052B145 /* AppDelegate.h */,
				02C6AFDC156FCB660052B145 /* AppDelegate.m */,
				02C6AFD8156FCB4F0052B145 /* ViewController.h */,
				02C6AFD9156FCB4F0052B145 /* ViewController.m */,
				02C6AFDE156FCBA00052B145 /* ViewController.xib */,
				25404717166AC1D200E13304 /* Default-568h@2x.png */,
				024D10E6156EAB6F00FE6872 /* Supporting Files */,
			);
			path = BarcodeScanner;
			sourceTree = "<group>";
		};
		024D10E6156EAB6F00FE6872 /* Supporting Files */ = {
			isa = PBXGroup;
			children = (
				02C6AFE1156FCBA80052B145 /* InfoPlist.strings */,
				02C6AFD4156FCB110052B145 /* BarcodeScanner-Info.plist */,
				02C6AFD6156FCB330052B145 /* main.m */,
				024D10ED156EAB6F00FE6872 /* BarcodeScanner-Prefix.pch */,
			);
			name = "Supporting Files";
			sourceTree = "<group>";
		};
		25FFF6931839837E00C2E985 /* Products */ = {
			isa = PBXGroup;
			children = (
				25FFF69B1839837F00C2E985 /* libZXingObjC-iOS.a */,
				25FFF69D1839837F00C2E985 /* Unit Tests iOS.xctest */,
				25FFF69F1839837F00C2E985 /* libZXingObjC-osx.a */,
				25FFF6A11839837F00C2E985 /* Unit Tests OS X.xctest */,
				25FFF6A31839837F00C2E985 /* ZXingObjC.framework */,
				027E587B1ABC5BBC00C334CA /* ZXingObjC.framework */,
			);
			name = Products;
			sourceTree = "<group>";
		};
/* End PBXGroup section */

/* Begin PBXNativeTarget section */
		024D10DA156EAB6F00FE6872 /* BarcodeScanner */ = {
			isa = PBXNativeTarget;
			buildConfigurationList = 024D10F9156EAB6F00FE6872 /* Build configuration list for PBXNativeTarget "BarcodeScanner" */;
			buildPhases = (
				024D10D7156EAB6F00FE6872 /* Sources */,
				024D10D8156EAB6F00FE6872 /* Frameworks */,
				024D10D9156EAB6F00FE6872 /* Resources */,
			);
			buildRules = (
			);
			dependencies = (
				25FFF6A51839838B00C2E985 /* PBXTargetDependency */,
			);
			name = BarcodeScanner;
			productName = BarcodeScanner;
			productReference = 024D10DB156EAB6F00FE6872 /* BarcodeScanner.app */;
			productType = "com.apple.product-type.application";
		};
/* End PBXNativeTarget section */

/* Begin PBXProject section */
		024D10D2156EAB6E00FE6872 /* Project object */ = {
			isa = PBXProject;
			attributes = {
				LastUpgradeCheck = 0620;
				ORGANIZATIONNAME = "Draconis Software";
			};
			buildConfigurationList = 024D10D5156EAB6E00FE6872 /* Build configuration list for PBXProject "BarcodeScanner" */;
			compatibilityVersion = "Xcode 3.2";
			developmentRegion = English;
			hasScannedForEncodings = 0;
			knownRegions = (
				en,
			);
			mainGroup = 024D10D0156EAB6E00FE6872;
			productRefGroup = 024D10DC156EAB6F00FE6872 /* Products */;
			projectDirPath = "";
			projectReferences = (
				{
					ProductGroup = 25FFF6931839837E00C2E985 /* Products */;
					ProjectRef = 25FFF6921839837E00C2E985 /* ZXingObjC.xcodeproj */;
				},
			);
			projectRoot = "";
			targets = (
				024D10DA156EAB6F00FE6872 /* BarcodeScanner */,
			);
		};
/* End PBXProject section */

/* Begin PBXReferenceProxy section */
		027E587B1ABC5BBC00C334CA /* ZXingObjC.framework */ = {
			isa = PBXReferenceProxy;
			fileType = wrapper.framework;
			path = ZXingObjC.framework;
			remoteRef = 027E587A1ABC5BBC00C334CA /* PBXContainerItemProxy */;
			sourceTree = BUILT_PRODUCTS_DIR;
		};
		25FFF69B1839837F00C2E985 /* libZXingObjC-iOS.a */ = {
			isa = PBXReferenceProxy;
			fileType = archive.ar;
			path = "libZXingObjC-iOS.a";
			remoteRef = 25FFF69A1839837F00C2E985 /* PBXContainerItemProxy */;
			sourceTree = BUILT_PRODUCTS_DIR;
		};
		25FFF69D1839837F00C2E985 /* Unit Tests iOS.xctest */ = {
			isa = PBXReferenceProxy;
			fileType = wrapper.cfbundle;
			path = "Unit Tests iOS.xctest";
			remoteRef = 25FFF69C1839837F00C2E985 /* PBXContainerItemProxy */;
			sourceTree = BUILT_PRODUCTS_DIR;
		};
		25FFF69F1839837F00C2E985 /* libZXingObjC-osx.a */ = {
			isa = PBXReferenceProxy;
			fileType = archive.ar;
			path = "libZXingObjC-osx.a";
			remoteRef = 25FFF69E1839837F00C2E985 /* PBXContainerItemProxy */;
			sourceTree = BUILT_PRODUCTS_DIR;
		};
		25FFF6A11839837F00C2E985 /* Unit Tests OS X.xctest */ = {
			isa = PBXReferenceProxy;
			fileType = wrapper.cfbundle;
			path = "Unit Tests OS X.xctest";
			remoteRef = 25FFF6A01839837F00C2E985 /* PBXContainerItemProxy */;
			sourceTree = BUILT_PRODUCTS_DIR;
		};
		25FFF6A31839837F00C2E985 /* ZXingObjC.framework */ = {
			isa = PBXReferenceProxy;
			fileType = wrapper.framework;
			path = ZXingObjC.framework;
			remoteRef = 25FFF6A21839837F00C2E985 /* PBXContainerItemProxy */;
			sourceTree = BUILT_PRODUCTS_DIR;
		};
/* End PBXReferenceProxy section */

/* Begin PBXResourcesBuildPhase section */
		024D10D9156EAB6F00FE6872 /* Resources */ = {
			isa = PBXResourcesBuildPhase;
			buildActionMask = 2147483647;
			files = (
				02C6AFE0156FCBA00052B145 /* ViewController.xib in Resources */,
				02C6AFE3156FCBA80052B145 /* InfoPlist.strings in Resources */,
				25404718166AC1D200E13304 /* Default-568h@2x.png in Resources */,
			);
			runOnlyForDeploymentPostprocessing = 0;
		};
/* End PBXResourcesBuildPhase section */

/* Begin PBXSourcesBuildPhase section */
		024D10D7156EAB6F00FE6872 /* Sources */ = {
			isa = PBXSourcesBuildPhase;
			buildActionMask = 2147483647;
			files = (
				02C6AFD7156FCB330052B145 /* main.m in Sources */,
				02C6AFDA156FCB4F0052B145 /* ViewController.m in Sources */,
				02C6AFDD156FCB660052B145 /* AppDelegate.m in Sources */,
			);
			runOnlyForDeploymentPostprocessing = 0;
		};
/* End PBXSourcesBuildPhase section */

/* Begin PBXTargetDependency section */
		25FFF6A51839838B00C2E985 /* PBXTargetDependency */ = {
			isa = PBXTargetDependency;
			name = "ZXingObjC-iOS";
			targetProxy = 25FFF6A41839838B00C2E985 /* PBXContainerItemProxy */;
		};
/* End PBXTargetDependency section */

/* Begin PBXVariantGroup section */
		02C6AFDE156FCBA00052B145 /* ViewController.xib */ = {
			isa = PBXVariantGroup;
			children = (
				02C6AFDF156FCBA00052B145 /* en */,
			);
			name = ViewController.xib;
			sourceTree = "<group>";
		};
		02C6AFE1156FCBA80052B145 /* InfoPlist.strings */ = {
			isa = PBXVariantGroup;
			children = (
				02C6AFE2156FCBA80052B145 /* en */,
			);
			name = InfoPlist.strings;
			sourceTree = "<group>";
		};
/* End PBXVariantGroup section */

/* Begin XCBuildConfiguration section */
		024D10F7156EAB6F00FE6872 /* Debug */ = {
			isa = XCBuildConfiguration;
			buildSettings = {
				ALWAYS_SEARCH_USER_PATHS = NO;
				CLANG_WARN_BOOL_CONVERSION = YES;
				CLANG_WARN_CONSTANT_CONVERSION = YES;
				CLANG_WARN_EMPTY_BODY = YES;
				CLANG_WARN_ENUM_CONVERSION = YES;
				CLANG_WARN_INT_CONVERSION = YES;
				CLANG_WARN_UNREACHABLE_CODE = YES;
				CLANG_WARN__DUPLICATE_METHOD_MATCH = YES;
				"CODE_SIGN_IDENTITY[sdk=iphoneos*]" = "iPhone Developer";
				COPY_PHASE_STRIP = NO;
				ENABLE_STRICT_OBJC_MSGSEND = YES;
				GCC_C_LANGUAGE_STANDARD = gnu99;
				GCC_DYNAMIC_NO_PIC = NO;
				GCC_OPTIMIZATION_LEVEL = 0;
				GCC_PREPROCESSOR_DEFINITIONS = (
					"DEBUG=1",
					"$(inherited)",
				);
				GCC_SYMBOLS_PRIVATE_EXTERN = NO;
				GCC_VERSION = com.apple.compilers.llvm.clang.1_0;
				GCC_WARN_64_TO_32_BIT_CONVERSION = YES;
				GCC_WARN_ABOUT_RETURN_TYPE = YES;
				GCC_WARN_UNDECLARED_SELECTOR = YES;
				GCC_WARN_UNINITIALIZED_AUTOS = YES;
				GCC_WARN_UNUSED_FUNCTION = YES;
				GCC_WARN_UNUSED_VARIABLE = YES;
				IPHONEOS_DEPLOYMENT_TARGET = 5.1;
				ONLY_ACTIVE_ARCH = YES;
				OTHER_LDFLAGS = "-ObjC";
				SDKROOT = iphoneos;
				TARGETED_DEVICE_FAMILY = "1,2";
			};
			name = Debug;
		};
		024D10F8156EAB6F00FE6872 /* Release */ = {
			isa = XCBuildConfiguration;
			buildSettings = {
				ALWAYS_SEARCH_USER_PATHS = NO;
				CLANG_WARN_BOOL_CONVERSION = YES;
				CLANG_WARN_CONSTANT_CONVERSION = YES;
				CLANG_WARN_EMPTY_BODY = YES;
				CLANG_WARN_ENUM_CONVERSION = YES;
				CLANG_WARN_INT_CONVERSION = YES;
				CLANG_WARN_UNREACHABLE_CODE = YES;
				CLANG_WARN__DUPLICATE_METHOD_MATCH = YES;
				"CODE_SIGN_IDENTITY[sdk=iphoneos*]" = "iPhone Developer";
				COPY_PHASE_STRIP = YES;
				ENABLE_STRICT_OBJC_MSGSEND = YES;
				GCC_C_LANGUAGE_STANDARD = gnu99;
				GCC_VERSION = com.apple.compilers.llvm.clang.1_0;
				GCC_WARN_64_TO_32_BIT_CONVERSION = YES;
				GCC_WARN_ABOUT_RETURN_TYPE = YES;
				GCC_WARN_UNDECLARED_SELECTOR = YES;
				GCC_WARN_UNINITIALIZED_AUTOS = YES;
				GCC_WARN_UNUSED_FUNCTION = YES;
				GCC_WARN_UNUSED_VARIABLE = YES;
				IPHONEOS_DEPLOYMENT_TARGET = 5.1;
				OTHER_CFLAGS = "-DNS_BLOCK_ASSERTIONS=1";
				OTHER_LDFLAGS = "-ObjC";
				SDKROOT = iphoneos;
				TARGETED_DEVICE_FAMILY = "1,2";
				VALIDATE_PRODUCT = YES;
			};
			name = Release;
		};
		024D10FA156EAB6F00FE6872 /* Debug */ = {
			isa = XCBuildConfiguration;
			buildSettings = {
				CLANG_ENABLE_OBJC_ARC = YES;
				ENABLE_BITCODE = NO;
				GCC_PRECOMPILE_PREFIX_HEADER = YES;
				GCC_PREFIX_HEADER = "BarcodeScanner-Prefix.pch";
				HEADER_SEARCH_PATHS = (
					"$(inherited)",
					"$(SRCROOT)/../../**",
				);
				INFOPLIST_FILE = "BarcodeScanner-Info.plist";
				LIBRARY_SEARCH_PATHS = "";
				PRODUCT_NAME = "$(TARGET_NAME)";
				WRAPPER_EXTENSION = app;
			};
			name = Debug;
		};
		024D10FB156EAB6F00FE6872 /* Release */ = {
			isa = XCBuildConfiguration;
			buildSettings = {
				CLANG_ENABLE_OBJC_ARC = YES;
				ENABLE_BITCODE = NO;
				GCC_PRECOMPILE_PREFIX_HEADER = YES;
				GCC_PREFIX_HEADER = "BarcodeScanner-Prefix.pch";
				HEADER_SEARCH_PATHS = (
					"$(inherited)",
					"$(SRCROOT)/../../**",
				);
				INFOPLIST_FILE = "BarcodeScanner-Info.plist";
				LIBRARY_SEARCH_PATHS = "";
				PRODUCT_NAME = "$(TARGET_NAME)";
				WRAPPER_EXTENSION = app;
			};
			name = Release;
		};
/* End XCBuildConfiguration section */

/* Begin XCConfigurationList section */
		024D10D5156EAB6E00FE6872 /* Build configuration list for PBXProject "BarcodeScanner" */ = {
			isa = XCConfigurationList;
			buildConfigurations = (
				024D10F7156EAB6F00FE6872 /* Debug */,
				024D10F8156EAB6F00FE6872 /* Release */,
			);
			defaultConfigurationIsVisible = 0;
			defaultConfigurationName = Release;
		};
		024D10F9156EAB6F00FE6872 /* Build configuration list for PBXNativeTarget "BarcodeScanner" */ = {
			isa = XCConfigurationList;
			buildConfigurations = (
				024D10FA156EAB6F00FE6872 /* Debug */,
				024D10FB156EAB6F00FE6872 /* Release */,
			);
			defaultConfigurationIsVisible = 0;
			defaultConfigurationName = Release;
		};
/* End XCConfigurationList section */
	};
	rootObject = 024D10D2156EAB6E00FE6872 /* Project object */;
}
