// !$*UTF8*$!
{
	archiveVersion = 1;
	classes = {
	};
	objectVersion = 50;
	objects = {

/* Begin PBXBuildFile section */
		9014C55F2160FF5300B063E6 /* AppDelegate.swift in Sources */ = {isa = PBXBuildFile; fileRef = 9014C55E2160FF5300B063E6 /* AppDelegate.swift */; };
		9014C5612160FF5300B063E6 /* ViewController.swift in Sources */ = {isa = PBXBuildFile; fileRef = 9014C5602160FF5300B063E6 /* ViewController.swift */; };
		9014C5662160FF5400B063E6 /* Assets.xcassets in Resources */ = {isa = PBXBuildFile; fileRef = 9014C5652160FF5400B063E6 /* Assets.xcassets */; };
		9014C5692160FF5400B063E6 /* LaunchScreen.storyboard in Resources */ = {isa = PBXBuildFile; fileRef = 9014C5672160FF5400B063E6 /* LaunchScreen.storyboard */; };
		9014C5A8216100DE00B063E6 /* ZXingObjC.framework in Frameworks */ = {isa = PBXBuildFile; fileRef = 9014C5A02160FFE100B063E6 /* ZXingObjC.framework */; };
		9014C5A9216100DE00B063E6 /* ZXingObjC.framework in Embed Frameworks */ = {isa = PBXBuildFile; fileRef = 9014C5A02160FFE100B063E6 /* ZXingObjC.framework */; settings = {ATTRIBUTES = (CodeSignOnCopy, RemoveHeadersOnCopy, ); }; };
		9014C5AE2161137F00B063E6 /* Main.storyboard in Resources */ = {isa = PBXBuildFile; fileRef = 9014C5AD2161137F00B063E6 /* Main.storyboard */; };
		9014C5B5216116AB00B063E6 /* BarcodeScannerSwift.plist in Resources */ = {isa = PBXBuildFile; fileRef = 9014C5B4216116AB00B063E6 /* BarcodeScannerSwift.plist */; };
/* End PBXBuildFile section */

/* Begin PBXContainerItemProxy section */
		9014C5952160FFE100B063E6 /* PBXContainerItemProxy */ = {
			isa = PBXContainerItemProxy;
			containerPortal = 9014C58C2160FFE100B063E6 /* ZXingObjC.xcodeproj */;
			proxyType = 2;
			remoteGlobalIDString = 25403CB3166A96FA00E13304;
			remoteInfo = "ZXingObjC-iOS";
		};
		9014C5972160FFE100B063E6 /* PBXContainerItemProxy */ = {
			isa = PBXContainerItemProxy;
			containerPortal = 9014C58C2160FFE100B063E6 /* ZXingObjC.xcodeproj */;
			proxyType = 2;
			remoteGlobalIDString = 25403CC4166A96FA00E13304;
			remoteInfo = "Unit Tests iOS";
		};
		9014C5992160FFE100B063E6 /* PBXContainerItemProxy */ = {
			isa = PBXContainerItemProxy;
			containerPortal = 9014C58C2160FFE100B063E6 /* ZXingObjC.xcodeproj */;
			proxyType = 2;
			remoteGlobalIDString = 25404166166AADAC00E13304;
			remoteInfo = "ZXingObjC-osx";
		};
		9014C59B2160FFE100B063E6 /* PBXContainerItemProxy */ = {
			isa = PBXContainerItemProxy;
			containerPortal = 9014C58C2160FFE100B063E6 /* ZXingObjC.xcodeproj */;
			proxyType = 2;
			remoteGlobalIDString = 25404178166AADAC00E13304;
			remoteInfo = "Unit Tests OS X";
		};
		9014C59D2160FFE100B063E6 /* PBXContainerItemProxy */ = {
			isa = PBXContainerItemProxy;
			containerPortal = 9014C58C2160FFE100B063E6 /* ZXingObjC.xcodeproj */;
			proxyType = 2;
			remoteGlobalIDString = 2540439E166ABA0A00E13304;
			remoteInfo = "OS X Framework";
		};
		9014C59F2160FFE100B063E6 /* PBXContainerItemProxy */ = {
			isa = PBXContainerItemProxy;
			containerPortal = 9014C58C2160FFE100B063E6 /* ZXingObjC.xcodeproj */;
			proxyType = 2;
			remoteGlobalIDString = DB72547F1A523C9200EFF81B;
			remoteInfo = "iOS Framework";
		};
		9014C5AA216100DF00B063E6 /* PBXContainerItemProxy */ = {
			isa = PBXContainerItemProxy;
			containerPortal = 9014C58C2160FFE100B063E6 /* ZXingObjC.xcodeproj */;
			proxyType = 1;
			remoteGlobalIDString = DB72547E1A523C9200EFF81B;
			remoteInfo = "iOS Framework";
		};
/* End PBXContainerItemProxy section */

/* Begin PBXCopyFilesBuildPhase section */
		9014C5AC216100DF00B063E6 /* Embed Frameworks */ = {
			isa = PBXCopyFilesBuildPhase;
			buildActionMask = 2147483647;
			dstPath = "";
			dstSubfolderSpec = 10;
			files = (
				9014C5A9216100DE00B063E6 /* ZXingObjC.framework in Embed Frameworks */,
			);
			name = "Embed Frameworks";
			runOnlyForDeploymentPostprocessing = 0;
		};
/* End PBXCopyFilesBuildPhase section */

/* Begin PBXFileReference section */
		9014C55B2160FF5300B063E6 /* BarcodeScannerSwift.app */ = {isa = PBXFileReference; explicitFileType = wrapper.application; includeInIndex = 0; path = BarcodeScannerSwift.app; sourceTree = BUILT_PRODUCTS_DIR; };
		9014C55E2160FF5300B063E6 /* AppDelegate.swift */ = {isa = PBXFileReference; lastKnownFileType = sourcecode.swift; path = AppDelegate.swift; sourceTree = "<group>"; };
		9014C5602160FF5300B063E6 /* ViewController.swift */ = {isa = PBXFileReference; lastKnownFileType = sourcecode.swift; path = ViewController.swift; sourceTree = "<group>"; };
		9014C5652160FF5400B063E6 /* Assets.xcassets */ = {isa = PBXFileReference; lastKnownFileType = folder.assetcatalog; path = Assets.xcassets; sourceTree = "<group>"; };
		9014C5682160FF5400B063E6 /* Base */ = {isa = PBXFileReference; lastKnownFileType = file.storyboard; name = Base; path = Base.lproj/LaunchScreen.storyboard; sourceTree = "<group>"; };
		9014C58C2160FFE100B063E6 /* ZXingObjC.xcodeproj */ = {isa = PBXFileReference; lastKnownFileType = "wrapper.pb-project"; name = ZXingObjC.xcodeproj; path = ../../ZXingObjC.xcodeproj; sourceTree = "<group>"; };
		9014C5AD2161137F00B063E6 /* Main.storyboard */ = {isa = PBXFileReference; lastKnownFileType = file.storyboard; path = Main.storyboard; sourceTree = "<group>"; };
		9014C5B4216116AB00B063E6 /* BarcodeScannerSwift.plist */ = {isa = PBXFileReference; fileEncoding = 4; lastKnownFileType = text.plist.xml; path = BarcodeScannerSwift.plist; sourceTree = "<group>"; };
/* End PBXFileReference section */

/* Begin PBXFrameworksBuildPhase section */
		9014C5582160FF5300B063E6 /* Frameworks */ = {
			isa = PBXFrameworksBuildPhase;
			buildActionMask = 2147483647;
			files = (
				9014C5A8216100DE00B063E6 /* ZXingObjC.framework in Frameworks */,
			);
			runOnlyForDeploymentPostprocessing = 0;
		};
/* End PBXFrameworksBuildPhase section */

/* Begin PBXGroup section */
		9014C5522160FF5300B063E6 = {
			isa = PBXGroup;
			children = (
				9014C58C2160FFE100B063E6 /* ZXingObjC.xcodeproj */,
				9014C55D2160FF5300B063E6 /* BarcodeScannerSwift */,
				9014C55C2160FF5300B063E6 /* Products */,
			);
			sourceTree = "<group>";
		};
		9014C55C2160FF5300B063E6 /* Products */ = {
			isa = PBXGroup;
			children = (
				9014C55B2160FF5300B063E6 /* BarcodeScannerSwift.app */,
			);
			name = Products;
			sourceTree = "<group>";
		};
		9014C55D2160FF5300B063E6 /* BarcodeScannerSwift */ = {
			isa = PBXGroup;
			children = (
				9014C5B4216116AB00B063E6 /* BarcodeScannerSwift.plist */,
				9014C55E2160FF5300B063E6 /* AppDelegate.swift */,
				9014C5602160FF5300B063E6 /* ViewController.swift */,
				9014C5652160FF5400B063E6 /* Assets.xcassets */,
				9014C5AD2161137F00B063E6 /* Main.storyboard */,
				9014C5672160FF5400B063E6 /* LaunchScreen.storyboard */,
			);
			path = BarcodeScannerSwift;
			sourceTree = "<group>";
		};
		9014C58D2160FFE100B063E6 /* Products */ = {
			isa = PBXGroup;
			children = (
				9014C5962160FFE100B063E6 /* libZXingObjC-iOS.a */,
				9014C5982160FFE100B063E6 /* Unit Tests iOS.xctest */,
				9014C59A2160FFE100B063E6 /* libZXingObjC-osx.a */,
				9014C59C2160FFE100B063E6 /* Unit Tests OS X.xctest */,
				9014C59E2160FFE100B063E6 /* ZXingObjC.framework */,
				9014C5A02160FFE100B063E6 /* ZXingObjC.framework */,
			);
			name = Products;
			sourceTree = "<group>";
		};
/* End PBXGroup section */

/* Begin PBXNativeTarget section */
		9014C55A2160FF5300B063E6 /* BarcodeScannerSwift */ = {
			isa = PBXNativeTarget;
			buildConfigurationList = 9014C5832160FF5400B063E6 /* Build configuration list for PBXNativeTarget "BarcodeScannerSwift" */;
			buildPhases = (
				9014C5572160FF5300B063E6 /* Sources */,
				9014C5582160FF5300B063E6 /* Frameworks */,
				9014C5592160FF5300B063E6 /* Resources */,
				9014C5AC216100DF00B063E6 /* Embed Frameworks */,
			);
			buildRules = (
			);
			dependencies = (
				9014C5AB216100DF00B063E6 /* PBXTargetDependency */,
			);
			name = BarcodeScannerSwift;
			productName = BarcodeScannerSwift;
			productReference = 9014C55B2160FF5300B063E6 /* BarcodeScannerSwift.app */;
			productType = "com.apple.product-type.application";
		};
/* End PBXNativeTarget section */

/* Begin PBXProject section */
		9014C5532160FF5300B063E6 /* Project object */ = {
			isa = PBXProject;
			attributes = {
				LastSwiftUpdateCheck = 0930;
				LastUpgradeCheck = 0930;
				ORGANIZATIONNAME = neacao;
				TargetAttributes = {
					9014C55A2160FF5300B063E6 = {
						CreatedOnToolsVersion = 9.3.1;
					};
				};
			};
			buildConfigurationList = 9014C5562160FF5300B063E6 /* Build configuration list for PBXProject "BarcodeScannerSwift" */;
			compatibilityVersion = "Xcode 9.3";
			developmentRegion = en;
			hasScannedForEncodings = 0;
			knownRegions = (
				en,
				Base,
			);
			mainGroup = 9014C5522160FF5300B063E6;
			productRefGroup = 9014C55C2160FF5300B063E6 /* Products */;
			projectDirPath = "";
			projectReferences = (
				{
					ProductGroup = 9014C58D2160FFE100B063E6 /* Products */;
					ProjectRef = 9014C58C2160FFE100B063E6 /* ZXingObjC.xcodeproj */;
				},
			);
			projectRoot = "";
			targets = (
				9014C55A2160FF5300B063E6 /* BarcodeScannerSwift */,
			);
		};
/* End PBXProject section */

/* Begin PBXReferenceProxy section */
		9014C5962160FFE100B063E6 /* libZXingObjC-iOS.a */ = {
			isa = PBXReferenceProxy;
			fileType = archive.ar;
			path = "libZXingObjC-iOS.a";
			remoteRef = 9014C5952160FFE100B063E6 /* PBXContainerItemProxy */;
			sourceTree = BUILT_PRODUCTS_DIR;
		};
		9014C5982160FFE100B063E6 /* Unit Tests iOS.xctest */ = {
			isa = PBXReferenceProxy;
			fileType = wrapper.cfbundle;
			path = "Unit Tests iOS.xctest";
			remoteRef = 9014C5972160FFE100B063E6 /* PBXContainerItemProxy */;
			sourceTree = BUILT_PRODUCTS_DIR;
		};
		9014C59A2160FFE100B063E6 /* libZXingObjC-osx.a */ = {
			isa = PBXReferenceProxy;
			fileType = archive.ar;
			path = "libZXingObjC-osx.a";
			remoteRef = 9014C5992160FFE100B063E6 /* PBXContainerItemProxy */;
			sourceTree = BUILT_PRODUCTS_DIR;
		};
		9014C59C2160FFE100B063E6 /* Unit Tests OS X.xctest */ = {
			isa = PBXReferenceProxy;
			fileType = wrapper.cfbundle;
			path = "Unit Tests OS X.xctest";
			remoteRef = 9014C59B2160FFE100B063E6 /* PBXContainerItemProxy */;
			sourceTree = BUILT_PRODUCTS_DIR;
		};
		9014C59E2160FFE100B063E6 /* ZXingObjC.framework */ = {
			isa = PBXReferenceProxy;
			fileType = wrapper.framework;
			path = ZXingObjC.framework;
			remoteRef = 9014C59D2160FFE100B063E6 /* PBXContainerItemProxy */;
			sourceTree = BUILT_PRODUCTS_DIR;
		};
		9014C5A02160FFE100B063E6 /* ZXingObjC.framework */ = {
			isa = PBXReferenceProxy;
			fileType = wrapper.framework;
			path = ZXingObjC.framework;
			remoteRef = 9014C59F2160FFE100B063E6 /* PBXContainerItemProxy */;
			sourceTree = BUILT_PRODUCTS_DIR;
		};
/* End PBXReferenceProxy section */

/* Begin PBXResourcesBuildPhase section */
		9014C5592160FF5300B063E6 /* Resources */ = {
			isa = PBXResourcesBuildPhase;
			buildActionMask = 2147483647;
			files = (
				9014C5AE2161137F00B063E6 /* Main.storyboard in Resources */,
				9014C5692160FF5400B063E6 /* LaunchScreen.storyboard in Resources */,
				9014C5B5216116AB00B063E6 /* BarcodeScannerSwift.plist in Resources */,
				9014C5662160FF5400B063E6 /* Assets.xcassets in Resources */,
			);
			runOnlyForDeploymentPostprocessing = 0;
		};
/* End PBXResourcesBuildPhase section */

/* Begin PBXSourcesBuildPhase section */
		9014C5572160FF5300B063E6 /* Sources */ = {
			isa = PBXSourcesBuildPhase;
			buildActionMask = 2147483647;
			files = (
				9014C5612160FF5300B063E6 /* ViewController.swift in Sources */,
				9014C55F2160FF5300B063E6 /* AppDelegate.swift in Sources */,
			);
			runOnlyForDeploymentPostprocessing = 0;
		};
/* End PBXSourcesBuildPhase section */

/* Begin PBXTargetDependency section */
		9014C5AB216100DF00B063E6 /* PBXTargetDependency */ = {
			isa = PBXTargetDependency;
			name = "iOS Framework";
			targetProxy = 9014C5AA216100DF00B063E6 /* PBXContainerItemProxy */;
		};
/* End PBXTargetDependency section */

/* Begin PBXVariantGroup section */
		9014C5672160FF5400B063E6 /* LaunchScreen.storyboard */ = {
			isa = PBXVariantGroup;
			children = (
				9014C5682160FF5400B063E6 /* Base */,
			);
			name = LaunchScreen.storyboard;
			sourceTree = "<group>";
		};
/* End PBXVariantGroup section */

/* Begin XCBuildConfiguration section */
		9014C5812160FF5400B063E6 /* Debug */ = {
			isa = XCBuildConfiguration;
			buildSettings = {
				ALWAYS_SEARCH_USER_PATHS = NO;
				CLANG_ANALYZER_NONNULL = YES;
				CLANG_ANALYZER_NUMBER_OBJECT_CONVERSION = YES_AGGRESSIVE;
				CLANG_CXX_LANGUAGE_STANDARD = "gnu++14";
				CLANG_CXX_LIBRARY = "libc++";
				CLANG_ENABLE_MODULES = YES;
				CLANG_ENABLE_OBJC_ARC = YES;
				CLANG_ENABLE_OBJC_WEAK = YES;
				CLANG_WARN_BLOCK_CAPTURE_AUTORELEASING = YES;
				CLANG_WARN_BOOL_CONVERSION = YES;
				CLANG_WARN_COMMA = YES;
				CLANG_WARN_CONSTANT_CONVERSION = YES;
				CLANG_WARN_DEPRECATED_OBJC_IMPLEMENTATIONS = YES;
				CLANG_WARN_DIRECT_OBJC_ISA_USAGE = YES_ERROR;
				CLANG_WARN_DOCUMENTATION_COMMENTS = YES;
				CLANG_WARN_EMPTY_BODY = YES;
				CLANG_WARN_ENUM_CONVERSION = YES;
				CLANG_WARN_INFINITE_RECURSION = YES;
				CLANG_WARN_INT_CONVERSION = YES;
				CLANG_WARN_NON_LITERAL_NULL_CONVERSION = YES;
				CLANG_WARN_OBJC_IMPLICIT_RETAIN_SELF = YES;
				CLANG_WARN_OBJC_LITERAL_CONVERSION = YES;
				CLANG_WARN_OBJC_ROOT_CLASS = YES_ERROR;
				CLANG_WARN_RANGE_LOOP_ANALYSIS = YES;
				CLANG_WARN_STRICT_PROTOTYPES = YES;
				CLANG_WARN_SUSPICIOUS_MOVE = YES;
				CLANG_WARN_UNGUARDED_AVAILABILITY = YES_AGGRESSIVE;
				CLANG_WARN_UNREACHABLE_CODE = YES;
				CLANG_WARN__DUPLICATE_METHOD_MATCH = YES;
				CODE_SIGN_IDENTITY = "iPhone Developer";
				COPY_PHASE_STRIP = NO;
				DEBUG_INFORMATION_FORMAT = dwarf;
				ENABLE_STRICT_OBJC_MSGSEND = YES;
				ENABLE_TESTABILITY = YES;
				GCC_C_LANGUAGE_STANDARD = gnu11;
				GCC_DYNAMIC_NO_PIC = NO;
				GCC_NO_COMMON_BLOCKS = YES;
				GCC_OPTIMIZATION_LEVEL = 0;
				GCC_PREPROCESSOR_DEFINITIONS = (
					"DEBUG=1",
					"$(inherited)",
				);
				GCC_WARN_64_TO_32_BIT_CONVERSION = YES;
				GCC_WARN_ABOUT_RETURN_TYPE = YES_ERROR;
				GCC_WARN_UNDECLARED_SELECTOR = YES;
				GCC_WARN_UNINITIALIZED_AUTOS = YES_AGGRESSIVE;
				GCC_WARN_UNUSED_FUNCTION = YES;
				GCC_WARN_UNUSED_VARIABLE = YES;
				IPHONEOS_DEPLOYMENT_TARGET = 11.3;
				MTL_ENABLE_DEBUG_INFO = YES;
				ONLY_ACTIVE_ARCH = YES;
				SDKROOT = iphoneos;
				SWIFT_ACTIVE_COMPILATION_CONDITIONS = DEBUG;
				SWIFT_OPTIMIZATION_LEVEL = "-Onone";
			};
			name = Debug;
		};
		9014C5822160FF5400B063E6 /* Release */ = {
			isa = XCBuildConfiguration;
			buildSettings = {
				ALWAYS_SEARCH_USER_PATHS = NO;
				CLANG_ANALYZER_NONNULL = YES;
				CLANG_ANALYZER_NUMBER_OBJECT_CONVERSION = YES_AGGRESSIVE;
				CLANG_CXX_LANGUAGE_STANDARD = "gnu++14";
				CLANG_CXX_LIBRARY = "libc++";
				CLANG_ENABLE_MODULES = YES;
				CLANG_ENABLE_OBJC_ARC = YES;
				CLANG_ENABLE_OBJC_WEAK = YES;
				CLANG_WARN_BLOCK_CAPTURE_AUTORELEASING = YES;
				CLANG_WARN_BOOL_CONVERSION = YES;
				CLANG_WARN_COMMA = YES;
				CLANG_WARN_CONSTANT_CONVERSION = YES;
				CLANG_WARN_DEPRECATED_OBJC_IMPLEMENTATIONS = YES;
				CLANG_WARN_DIRECT_OBJC_ISA_USAGE = YES_ERROR;
				CLANG_WARN_DOCUMENTATION_COMMENTS = YES;
				CLANG_WARN_EMPTY_BODY = YES;
				CLANG_WARN_ENUM_CONVERSION = YES;
				CLANG_WARN_INFINITE_RECURSION = YES;
				CLANG_WARN_INT_CONVERSION = YES;
				CLANG_WARN_NON_LITERAL_NULL_CONVERSION = YES;
				CLANG_WARN_OBJC_IMPLICIT_RETAIN_SELF = YES;
				CLANG_WARN_OBJC_LITERAL_CONVERSION = YES;
				CLANG_WARN_OBJC_ROOT_CLASS = YES_ERROR;
				CLANG_WARN_RANGE_LOOP_ANALYSIS = YES;
				CLANG_WARN_STRICT_PROTOTYPES = YES;
				CLANG_WARN_SUSPICIOUS_MOVE = YES;
				CLANG_WARN_UNGUARDED_AVAILABILITY = YES_AGGRESSIVE;
				CLANG_WARN_UNREACHABLE_CODE = YES;
				CLANG_WARN__DUPLICATE_METHOD_MATCH = YES;
				CODE_SIGN_IDENTITY = "iPhone Developer";
				COPY_PHASE_STRIP = NO;
				DEBUG_INFORMATION_FORMAT = "dwarf-with-dsym";
				ENABLE_NS_ASSERTIONS = NO;
				ENABLE_STRICT_OBJC_MSGSEND = YES;
				GCC_C_LANGUAGE_STANDARD = gnu11;
				GCC_NO_COMMON_BLOCKS = YES;
				GCC_WARN_64_TO_32_BIT_CONVERSION = YES;
				GCC_WARN_ABOUT_RETURN_TYPE = YES_ERROR;
				GCC_WARN_UNDECLARED_SELECTOR = YES;
				GCC_WARN_UNINITIALIZED_AUTOS = YES_AGGRESSIVE;
				GCC_WARN_UNUSED_FUNCTION = YES;
				GCC_WARN_UNUSED_VARIABLE = YES;
				IPHONEOS_DEPLOYMENT_TARGET = 11.3;
				MTL_ENABLE_DEBUG_INFO = NO;
				SDKROOT = iphoneos;
				SWIFT_COMPILATION_MODE = wholemodule;
				SWIFT_OPTIMIZATION_LEVEL = "-O";
				VALIDATE_PRODUCT = YES;
			};
			name = Release;
		};
		9014C5842160FF5400B063E6 /* Debug */ = {
			isa = XCBuildConfiguration;
			buildSettings = {
				ASSETCATALOG_COMPILER_APPICON_NAME = AppIcon;
				CODE_SIGN_STYLE = Automatic;
				DEVELOPMENT_TEAM = "";
				INFOPLIST_FILE = BarcodeScannerSwift/BarcodeScannerSwift.plist;
				IPHONEOS_DEPLOYMENT_TARGET = 8.0;
				LD_RUNPATH_SEARCH_PATHS = (
					"$(inherited)",
					"@executable_path/Frameworks",
				);
				PRODUCT_BUNDLE_IDENTIFIER = com.neacao.BarcodeScannerSwift;
				PRODUCT_NAME = "$(TARGET_NAME)";
				SWIFT_VERSION = 4.0;
				TARGETED_DEVICE_FAMILY = "1,2";
			};
			name = Debug;
		};
		9014C5852160FF5400B063E6 /* Release */ = {
			isa = XCBuildConfiguration;
			buildSettings = {
				ASSETCATALOG_COMPILER_APPICON_NAME = AppIcon;
				CODE_SIGN_STYLE = Automatic;
				DEVELOPMENT_TEAM = "";
				INFOPLIST_FILE = BarcodeScannerSwift/BarcodeScannerSwift.plist;
				IPHONEOS_DEPLOYMENT_TARGET = 8.0;
				LD_RUNPATH_SEARCH_PATHS = (
					"$(inherited)",
					"@executable_path/Frameworks",
				);
				PRODUCT_BUNDLE_IDENTIFIER = com.neacao.BarcodeScannerSwift;
				PRODUCT_NAME = "$(TARGET_NAME)";
				SWIFT_VERSION = 4.0;
				TARGETED_DEVICE_FAMILY = "1,2";
			};
			name = Release;
		};
/* End XCBuildConfiguration section */

/* Begin XCConfigurationList section */
		9014C5562160FF5300B063E6 /* Build configuration list for PBXProject "BarcodeScannerSwift" */ = {
			isa = XCConfigurationList;
			buildConfigurations = (
				9014C5812160FF5400B063E6 /* Debug */,
				9014C5822160FF5400B063E6 /* Release */,
			);
			defaultConfigurationIsVisible = 0;
			defaultConfigurationName = Release;
		};
		9014C5832160FF5400B063E6 /* Build configuration list for PBXNativeTarget "BarcodeScannerSwift" */ = {
			isa = XCConfigurationList;
			buildConfigurations = (
				9014C5842160FF5400B063E6 /* Debug */,
				9014C5852160FF5400B063E6 /* Release */,
			);
			defaultConfigurationIsVisible = 0;
			defaultConfigurationName = Release;
		};
/* End XCConfigurationList section */
	};
	rootObject = 9014C5532160FF5300B063E6 /* Project object */;
}
