// !$*UTF8*$!
{
	archiveVersion = 1;
	classes = {
	};
	objectVersion = 46;
	objects = {

/* Begin PBXBuildFile section */
		0228E6FB18E351CA004EF5D6 /* CoreMedia.framework in Frameworks */ = {isa = PBXBuildFile; fileRef = 2FC93020139D875D00DA0D4F /* CoreMedia.framework */; };
		026A32EC18C128C8002C3566 /* libZXingObjC-osx.a in Frameworks */ = {isa = PBXBuildFile; fileRef = 026A32E518C128B0002C3566 /* libZXingObjC-osx.a */; };
		026A32F118C12A8C002C3566 /* QuartzCore.framework in Frameworks */ = {isa = PBXBuildFile; fileRef = 026A32F018C12A8C002C3566 /* QuartzCore.framework */; };
		E9C967D3137B516200C6D18B /* Cocoa.framework in Frameworks */ = {isa = PBXBuildFile; fileRef = E9C967D2137B516200C6D18B /* Cocoa.framework */; };
		E9C967DD137B516200C6D18B /* InfoPlist.strings in Resources */ = {isa = PBXBuildFile; fileRef = E9C967DB137B516200C6D18B /* InfoPlist.strings */; };
		E9C967DF137B516200C6D18B /* main.m in Sources */ = {isa = PBXBuildFile; fileRef = E9C967DE137B516200C6D18B /* main.m */; };
		E9C967E6137B516200C6D18B /* BarcodeScannerDocument.m in Sources */ = {isa = PBXBuildFile; fileRef = E9C967E5137B516200C6D18B /* BarcodeScannerDocument.m */; };
		E9C967E9137B516200C6D18B /* BarcodeScannerDocument.xib in Resources */ = {isa = PBXBuildFile; fileRef = E9C967E7137B516200C6D18B /* BarcodeScannerDocument.xib */; };
		E9C967EC137B516200C6D18B /* MainMenu.xib in Resources */ = {isa = PBXBuildFile; fileRef = E9C967EA137B516200C6D18B /* MainMenu.xib */; };
		E9C967F8137B51A700C6D18B /* AVFoundation.framework in Frameworks */ = {isa = PBXBuildFile; fileRef = E9C967F7137B51A700C6D18B /* AVFoundation.framework */; };
/* End PBXBuildFile section */

/* Begin PBXContainerItemProxy section */
		026A32E018C128B0002C3566 /* PBXContainerItemProxy */ = {
			isa = PBXContainerItemProxy;
			containerPortal = 026A32D818C128AE002C3566 /* ZXingObjC.xcodeproj */;
			proxyType = 2;
			remoteGlobalIDString = 25403CB3166A96FA00E13304;
			remoteInfo = "ZXingObjC-iOS";
		};
		026A32E218C128B0002C3566 /* PBXContainerItemProxy */ = {
			isa = PBXContainerItemProxy;
			containerPortal = 026A32D818C128AE002C3566 /* ZXingObjC.xcodeproj */;
			proxyType = 2;
			remoteGlobalIDString = 25403CC4166A96FA00E13304;
			remoteInfo = "Unit Tests iOS";
		};
		026A32E418C128B0002C3566 /* PBXContainerItemProxy */ = {
			isa = PBXContainerItemProxy;
			containerPortal = 026A32D818C128AE002C3566 /* ZXingObjC.xcodeproj */;
			proxyType = 2;
			remoteGlobalIDString = 25404166166AADAC00E13304;
			remoteInfo = "ZXingObjC-osx";
		};
		026A32E618C128B0002C3566 /* PBXContainerItemProxy */ = {
			isa = PBXContainerItemProxy;
			containerPortal = 026A32D818C128AE002C3566 /* ZXingObjC.xcodeproj */;
			proxyType = 2;
			remoteGlobalIDString = 25404178166AADAC00E13304;
			remoteInfo = "Unit Tests OS X";
		};
		026A32E818C128B0002C3566 /* PBXContainerItemProxy */ = {
			isa = PBXContainerItemProxy;
			containerPortal = 026A32D818C128AE002C3566 /* ZXingObjC.xcodeproj */;
			proxyType = 2;
			remoteGlobalIDString = 2540439E166ABA0A00E13304;
			remoteInfo = "OS X Framework";
		};
		026A32EA18C128C3002C3566 /* PBXContainerItemProxy */ = {
			isa = PBXContainerItemProxy;
			containerPortal = 026A32D818C128AE002C3566 /* ZXingObjC.xcodeproj */;
			proxyType = 1;
			remoteGlobalIDString = 25404165166AADAC00E13304;
			remoteInfo = "ZXingObjC-osx";
		};
/* End PBXContainerItemProxy section */

/* Begin PBXFileReference section */
		026A32D818C128AE002C3566 /* ZXingObjC.xcodeproj */ = {isa = PBXFileReference; lastKnownFileType = "wrapper.pb-project"; name = ZXingObjC.xcodeproj; path = ../../ZXingObjC.xcodeproj; sourceTree = "<group>"; };
		026A32EE18C12A7B002C3566 /* CoreVideo.framework */ = {isa = PBXFileReference; lastKnownFileType = wrapper.framework; name = CoreVideo.framework; path = System/Library/Frameworks/CoreVideo.framework; sourceTree = SDKROOT; };
		026A32F018C12A8C002C3566 /* QuartzCore.framework */ = {isa = PBXFileReference; lastKnownFileType = wrapper.framework; name = QuartzCore.framework; path = System/Library/Frameworks/QuartzCore.framework; sourceTree = SDKROOT; };
		2FC93020139D875D00DA0D4F /* CoreMedia.framework */ = {isa = PBXFileReference; lastKnownFileType = wrapper.framework; name = CoreMedia.framework; path = System/Library/Frameworks/CoreMedia.framework; sourceTree = SDKROOT; };
		2FC93024139D8CC500DA0D4F /* AudioToolbox.framework */ = {isa = PBXFileReference; lastKnownFileType = wrapper.framework; name = AudioToolbox.framework; path = System/Library/Frameworks/AudioToolbox.framework; sourceTree = SDKROOT; };
		E9C967CE137B516200C6D18B /* BarcodeScannerOSX.app */ = {isa = PBXFileReference; explicitFileType = wrapper.application; includeInIndex = 0; path = BarcodeScannerOSX.app; sourceTree = BUILT_PRODUCTS_DIR; };
		E9C967D2137B516200C6D18B /* Cocoa.framework */ = {isa = PBXFileReference; lastKnownFileType = wrapper.framework; name = Cocoa.framework; path = System/Library/Frameworks/Cocoa.framework; sourceTree = SDKROOT; };
		E9C967DA137B516200C6D18B /* BarcodeScannerOSX-Info.plist */ = {isa = PBXFileReference; lastKnownFileType = text.plist.xml; path = "BarcodeScannerOSX-Info.plist"; sourceTree = "<group>"; };
		E9C967DC137B516200C6D18B /* en */ = {isa = PBXFileReference; lastKnownFileType = text.plist.strings; name = en; path = en.lproj/InfoPlist.strings; sourceTree = "<group>"; };
		E9C967DE137B516200C6D18B /* main.m */ = {isa = PBXFileReference; lastKnownFileType = sourcecode.c.objc; path = main.m; sourceTree = "<group>"; };
		E9C967E0137B516200C6D18B /* BarcodeScannerOSX-Prefix.pch */ = {isa = PBXFileReference; lastKnownFileType = sourcecode.c.h; path = "BarcodeScannerOSX-Prefix.pch"; sourceTree = "<group>"; };
		E9C967E4137B516200C6D18B /* BarcodeScannerDocument.h */ = {isa = PBXFileReference; lastKnownFileType = sourcecode.c.h; path = BarcodeScannerDocument.h; sourceTree = "<group>"; };
		E9C967E5137B516200C6D18B /* BarcodeScannerDocument.m */ = {isa = PBXFileReference; lastKnownFileType = sourcecode.c.objc; path = BarcodeScannerDocument.m; sourceTree = "<group>"; };
		E9C967E8137B516200C6D18B /* en */ = {isa = PBXFileReference; lastKnownFileType = file.xib; name = en; path = en.lproj/BarcodeScannerDocument.xib; sourceTree = "<group>"; };
		E9C967EB137B516200C6D18B /* en */ = {isa = PBXFileReference; lastKnownFileType = file.xib; name = en; path = en.lproj/MainMenu.xib; sourceTree = "<group>"; };
		E9C967F7137B51A700C6D18B /* AVFoundation.framework */ = {isa = PBXFileReference; lastKnownFileType = wrapper.framework; name = AVFoundation.framework; path = System/Library/Frameworks/AVFoundation.framework; sourceTree = SDKROOT; };
/* End PBXFileReference section */

/* Begin PBXFrameworksBuildPhase section */
		E9C967CB137B516200C6D18B /* Frameworks */ = {
			isa = PBXFrameworksBuildPhase;
			buildActionMask = 2147483647;
			files = (
				0228E6FB18E351CA004EF5D6 /* CoreMedia.framework in Frameworks */,
				026A32F118C12A8C002C3566 /* QuartzCore.framework in Frameworks */,
				026A32EC18C128C8002C3566 /* libZXingObjC-osx.a in Frameworks */,
				E9C967F8137B51A700C6D18B /* AVFoundation.framework in Frameworks */,
				E9C967D3137B516200C6D18B /* Cocoa.framework in Frameworks */,
			);
			runOnlyForDeploymentPostprocessing = 0;
		};
/* End PBXFrameworksBuildPhase section */

/* Begin PBXGroup section */
		026A32D918C128AE002C3566 /* Products */ = {
			isa = PBXGroup;
			children = (
				026A32E118C128B0002C3566 /* libZXingObjC-iOS.a */,
				026A32E318C128B0002C3566 /* Unit Tests iOS.xctest */,
				026A32E518C128B0002C3566 /* libZXingObjC-osx.a */,
				026A32E718C128B0002C3566 /* Unit Tests OS X.xctest */,
				026A32E918C128B0002C3566 /* ZXingObjC.framework */,
			);
			name = Products;
			sourceTree = "<group>";
		};
		E9C967C3137B516100C6D18B = {
			isa = PBXGroup;
			children = (
				E9C967D8137B516200C6D18B /* BarcodeScannerOSX */,
				E9C967D1137B516200C6D18B /* Frameworks */,
				E9C967CF137B516200C6D18B /* Products */,
				026A32D818C128AE002C3566 /* ZXingObjC.xcodeproj */,
			);
			sourceTree = "<group>";
		};
		E9C967CF137B516200C6D18B /* Products */ = {
			isa = PBXGroup;
			children = (
				E9C967CE137B516200C6D18B /* BarcodeScannerOSX.app */,
			);
			name = Products;
			sourceTree = "<group>";
		};
		E9C967D1137B516200C6D18B /* Frameworks */ = {
			isa = PBXGroup;
			children = (
				026A32F018C12A8C002C3566 /* QuartzCore.framework */,
				026A32EE18C12A7B002C3566 /* CoreVideo.framework */,
				2FC93024139D8CC500DA0D4F /* AudioToolbox.framework */,
				E9C967F7137B51A700C6D18B /* AVFoundation.framework */,
				E9C967D2137B516200C6D18B /* Cocoa.framework */,
				2FC93020139D875D00DA0D4F /* CoreMedia.framework */,
			);
			name = Frameworks;
			sourceTree = "<group>";
		};
		E9C967D8137B516200C6D18B /* BarcodeScannerOSX */ = {
			isa = PBXGroup;
			children = (
				E9C967E4137B516200C6D18B /* BarcodeScannerDocument.h */,
				E9C967E5137B516200C6D18B /* BarcodeScannerDocument.m */,
				E9C967E7137B516200C6D18B /* BarcodeScannerDocument.xib */,
				E9C967EA137B516200C6D18B /* MainMenu.xib */,
				E9C967D9137B516200C6D18B /* Supporting Files */,
			);
			path = BarcodeScannerOSX;
			sourceTree = "<group>";
		};
		E9C967D9137B516200C6D18B /* Supporting Files */ = {
			isa = PBXGroup;
			children = (
				E9C967DA137B516200C6D18B /* BarcodeScannerOSX-Info.plist */,
				E9C967DB137B516200C6D18B /* InfoPlist.strings */,
				E9C967DE137B516200C6D18B /* main.m */,
				E9C967E0137B516200C6D18B /* BarcodeScannerOSX-Prefix.pch */,
			);
			name = "Supporting Files";
			sourceTree = "<group>";
		};
/* End PBXGroup section */

/* Begin PBXNativeTarget section */
		E9C967CD137B516200C6D18B /* BarcodeScannerOSX */ = {
			isa = PBXNativeTarget;
			buildConfigurationList = E9C967EF137B516200C6D18B /* Build configuration list for PBXNativeTarget "BarcodeScannerOSX" */;
			buildPhases = (
				E9C967CA137B516200C6D18B /* Sources */,
				E9C967CB137B516200C6D18B /* Frameworks */,
				E9C967CC137B516200C6D18B /* Resources */,
			);
			buildRules = (
			);
			dependencies = (
				026A32EB18C128C3002C3566 /* PBXTargetDependency */,
			);
			name = BarcodeScannerOSX;
			productName = BarcodeScannerOSX;
			productReference = E9C967CE137B516200C6D18B /* BarcodeScannerOSX.app */;
			productType = "com.apple.product-type.application";
		};
/* End PBXNativeTarget section */

/* Begin PBXProject section */
		E9C967C5137B516100C6D18B /* Project object */ = {
			isa = PBXProject;
			attributes = {
				LastUpgradeCheck = 0500;
			};
			buildConfigurationList = E9C967C8137B516100C6D18B /* Build configuration list for PBXProject "BarcodeScannerOSX" */;
			compatibilityVersion = "Xcode 3.2";
			developmentRegion = English;
			hasScannedForEncodings = 0;
			knownRegions = (
				en,
			);
			mainGroup = E9C967C3137B516100C6D18B;
			productRefGroup = E9C967CF137B516200C6D18B /* Products */;
			projectDirPath = "";
			projectReferences = (
				{
					ProductGroup = 026A32D918C128AE002C3566 /* Products */;
					ProjectRef = 026A32D818C128AE002C3566 /* ZXingObjC.xcodeproj */;
				},
			);
			projectRoot = "";
			targets = (
				E9C967CD137B516200C6D18B /* BarcodeScannerOSX */,
			);
		};
/* End PBXProject section */

/* Begin PBXReferenceProxy section */
		026A32E118C128B0002C3566 /* libZXingObjC-iOS.a */ = {
			isa = PBXReferenceProxy;
			fileType = archive.ar;
			path = "libZXingObjC-iOS.a";
			remoteRef = 026A32E018C128B0002C3566 /* PBXContainerItemProxy */;
			sourceTree = BUILT_PRODUCTS_DIR;
		};
		026A32E318C128B0002C3566 /* Unit Tests iOS.xctest */ = {
			isa = PBXReferenceProxy;
			fileType = wrapper.cfbundle;
			path = "Unit Tests iOS.xctest";
			remoteRef = 026A32E218C128B0002C3566 /* PBXContainerItemProxy */;
			sourceTree = BUILT_PRODUCTS_DIR;
		};
		026A32E518C128B0002C3566 /* libZXingObjC-osx.a */ = {
			isa = PBXReferenceProxy;
			fileType = archive.ar;
			path = "libZXingObjC-osx.a";
			remoteRef = 026A32E418C128B0002C3566 /* PBXContainerItemProxy */;
			sourceTree = BUILT_PRODUCTS_DIR;
		};
		026A32E718C128B0002C3566 /* Unit Tests OS X.xctest */ = {
			isa = PBXReferenceProxy;
			fileType = wrapper.cfbundle;
			path = "Unit Tests OS X.xctest";
			remoteRef = 026A32E618C128B0002C3566 /* PBXContainerItemProxy */;
			sourceTree = BUILT_PRODUCTS_DIR;
		};
		026A32E918C128B0002C3566 /* ZXingObjC.framework */ = {
			isa = PBXReferenceProxy;
			fileType = wrapper.framework;
			path = ZXingObjC.framework;
			remoteRef = 026A32E818C128B0002C3566 /* PBXContainerItemProxy */;
			sourceTree = BUILT_PRODUCTS_DIR;
		};
/* End PBXReferenceProxy section */

/* Begin PBXResourcesBuildPhase section */
		E9C967CC137B516200C6D18B /* Resources */ = {
			isa = PBXResourcesBuildPhase;
			buildActionMask = 2147483647;
			files = (
				E9C967DD137B516200C6D18B /* InfoPlist.strings in Resources */,
				E9C967E9137B516200C6D18B /* BarcodeScannerDocument.xib in Resources */,
				E9C967EC137B516200C6D18B /* MainMenu.xib in Resources */,
			);
			runOnlyForDeploymentPostprocessing = 0;
		};
/* End PBXResourcesBuildPhase section */

/* Begin PBXSourcesBuildPhase section */
		E9C967CA137B516200C6D18B /* Sources */ = {
			isa = PBXSourcesBuildPhase;
			buildActionMask = 2147483647;
			files = (
				E9C967DF137B516200C6D18B /* main.m in Sources */,
				E9C967E6137B516200C6D18B /* BarcodeScannerDocument.m in Sources */,
			);
			runOnlyForDeploymentPostprocessing = 0;
		};
/* End PBXSourcesBuildPhase section */

/* Begin PBXTargetDependency section */
		026A32EB18C128C3002C3566 /* PBXTargetDependency */ = {
			isa = PBXTargetDependency;
			name = "ZXingObjC-osx";
			targetProxy = 026A32EA18C128C3002C3566 /* PBXContainerItemProxy */;
		};
/* End PBXTargetDependency section */

/* Begin PBXVariantGroup section */
		E9C967DB137B516200C6D18B /* InfoPlist.strings */ = {
			isa = PBXVariantGroup;
			children = (
				E9C967DC137B516200C6D18B /* en */,
			);
			name = InfoPlist.strings;
			sourceTree = "<group>";
		};
		E9C967E7137B516200C6D18B /* BarcodeScannerDocument.xib */ = {
			isa = PBXVariantGroup;
			children = (
				E9C967E8137B516200C6D18B /* en */,
			);
			name = BarcodeScannerDocument.xib;
			sourceTree = "<group>";
		};
		E9C967EA137B516200C6D18B /* MainMenu.xib */ = {
			isa = PBXVariantGroup;
			children = (
				E9C967EB137B516200C6D18B /* en */,
			);
			name = MainMenu.xib;
			sourceTree = "<group>";
		};
/* End PBXVariantGroup section */

/* Begin XCBuildConfiguration section */
		E9C967ED137B516200C6D18B /* Debug */ = {
			isa = XCBuildConfiguration;
			buildSettings = {
				ALWAYS_SEARCH_USER_PATHS = NO;
				CLANG_WARN_BOOL_CONVERSION = YES;
				CLANG_WARN_CONSTANT_CONVERSION = YES;
				CLANG_WARN_DEPRECATED_OBJC_IMPLEMENTATIONS = YES;
				CLANG_WARN_EMPTY_BODY = YES;
				CLANG_WARN_ENUM_CONVERSION = YES;
				CLANG_WARN_INT_CONVERSION = YES;
				CLANG_WARN__DUPLICATE_METHOD_MATCH = YES;
				COPY_PHASE_STRIP = NO;
				GCC_C_LANGUAGE_STANDARD = gnu99;
				GCC_DYNAMIC_NO_PIC = NO;
				GCC_ENABLE_OBJC_EXCEPTIONS = YES;
				GCC_OPTIMIZATION_LEVEL = 0;
				GCC_PREPROCESSOR_DEFINITIONS = (
					"DEBUG=1",
					"$(inherited)",
				);
				GCC_SYMBOLS_PRIVATE_EXTERN = NO;
				GCC_VERSION = com.apple.compilers.llvm.clang.1_0;
				GCC_WARN_64_TO_32_BIT_CONVERSION = YES;
				GCC_WARN_ABOUT_MISSING_PROTOTYPES = YES;
				GCC_WARN_ABOUT_RETURN_TYPE = YES;
				GCC_WARN_UNDECLARED_SELECTOR = YES;
				GCC_WARN_UNINITIALIZED_AUTOS = YES;
				GCC_WARN_UNUSED_FUNCTION = YES;
				GCC_WARN_UNUSED_VARIABLE = YES;
				MACOSX_DEPLOYMENT_TARGET = 10.8;
				ONLY_ACTIVE_ARCH = YES;
			};
			name = Debug;
		};
		E9C967EE137B516200C6D18B /* Release */ = {
			isa = XCBuildConfiguration;
			buildSettings = {
				ALWAYS_SEARCH_USER_PATHS = NO;
				CLANG_WARN_BOOL_CONVERSION = YES;
				CLANG_WARN_CONSTANT_CONVERSION = YES;
				CLANG_WARN_DEPRECATED_OBJC_IMPLEMENTATIONS = YES;
				CLANG_WARN_EMPTY_BODY = YES;
				CLANG_WARN_ENUM_CONVERSION = YES;
				CLANG_WARN_INT_CONVERSION = YES;
				CLANG_WARN__DUPLICATE_METHOD_MATCH = YES;
				COPY_PHASE_STRIP = YES;
				DEBUG_INFORMATION_FORMAT = "dwarf-with-dsym";
				GCC_C_LANGUAGE_STANDARD = gnu99;
				GCC_DYNAMIC_NO_PIC = NO;
				GCC_ENABLE_OBJC_EXCEPTIONS = YES;
				GCC_VERSION = com.apple.compilers.llvm.clang.1_0;
				GCC_WARN_64_TO_32_BIT_CONVERSION = YES;
				GCC_WARN_ABOUT_MISSING_PROTOTYPES = YES;
				GCC_WARN_ABOUT_RETURN_TYPE = YES;
				GCC_WARN_UNDECLARED_SELECTOR = YES;
				GCC_WARN_UNINITIALIZED_AUTOS = YES;
				GCC_WARN_UNUSED_FUNCTION = YES;
				GCC_WARN_UNUSED_VARIABLE = YES;
				MACOSX_DEPLOYMENT_TARGET = 10.8;
			};
			name = Release;
		};
		E9C967F0137B516200C6D18B /* Debug */ = {
			isa = XCBuildConfiguration;
			buildSettings = {
				COMBINE_HIDPI_IMAGES = YES;
				GCC_PRECOMPILE_PREFIX_HEADER = YES;
				GCC_PREFIX_HEADER = "BarcodeScannerOSX/BarcodeScannerOSX-Prefix.pch";
				HEADER_SEARCH_PATHS = (
					"$(inherited)",
					/Applications/Xcode.app/Contents/Developer/Toolchains/XcodeDefault.xctoolchain/usr/include,
					"$(SRCROOT)/../../**",
				);
				INFOPLIST_FILE = "BarcodeScannerOSX/BarcodeScannerOSX-Info.plist";
				PRODUCT_NAME = BarcodeScannerOSX;
				WRAPPER_EXTENSION = app;
			};
			name = Debug;
		};
		E9C967F1137B516200C6D18B /* Release */ = {
			isa = XCBuildConfiguration;
			buildSettings = {
				COMBINE_HIDPI_IMAGES = YES;
				GCC_PRECOMPILE_PREFIX_HEADER = YES;
				GCC_PREFIX_HEADER = "BarcodeScannerOSX/BarcodeScannerOSX-Prefix.pch";
				HEADER_SEARCH_PATHS = (
					"$(inherited)",
					/Applications/Xcode.app/Contents/Developer/Toolchains/XcodeDefault.xctoolchain/usr/include,
					"$(SRCROOT)/../../**",
				);
				INFOPLIST_FILE = "BarcodeScannerOSX/BarcodeScannerOSX-Info.plist";
				PRODUCT_NAME = BarcodeScannerOSX;
				WRAPPER_EXTENSION = app;
			};
			name = Release;
		};
/* End XCBuildConfiguration section */

/* Begin XCConfigurationList section */
		E9C967C8137B516100C6D18B /* Build configuration list for PBXProject "BarcodeScannerOSX" */ = {
			isa = XCConfigurationList;
			buildConfigurations = (
				E9C967ED137B516200C6D18B /* Debug */,
				E9C967EE137B516200C6D18B /* Release */,
			);
			defaultConfigurationIsVisible = 0;
			defaultConfigurationName = Release;
		};
		E9C967EF137B516200C6D18B /* Build configuration list for PBXNativeTarget "BarcodeScannerOSX" */ = {
			isa = XCConfigurationList;
			buildConfigurations = (
				E9C967F0137B516200C6D18B /* Debug */,
				E9C967F1137B516200C6D18B /* Release */,
			);
			defaultConfigurationIsVisible = 0;
			defaultConfigurationName = Release;
		};
/* End XCConfigurationList section */
	};
	rootObject = E9C967C5137B516100C6D18B /* Project object */;
}
