// !$*UTF8*$!
{
	archiveVersion = 1;
	classes = {
	};
	objectVersion = 46;
	objects = {

/* Begin PBXBuildFile section */
		022B185F14D1B5FE000503E2 /* UIKit.framework in Frameworks */ = {isa = PBXBuildFile; fileRef = 022B185E14D1B5FE000503E2 /* UIKit.framework */; };
		022B186114D1B5FE000503E2 /* Foundation.framework in Frameworks */ = {isa = PBXBuildFile; fileRef = 022B186014D1B5FE000503E2 /* Foundation.framework */; };
		022B186914D1B5FE000503E2 /* InfoPlist.strings in Resources */ = {isa = PBXBuildFile; fileRef = 022B186714D1B5FE000503E2 /* InfoPlist.strings */; };
		026851F8151383A200394C7B /* ViewController.xib in Resources */ = {isa = PBXBuildFile; fileRef = 026851F7151383A200394C7B /* ViewController.xib */; };
		029BCCF715128A90009E6549 /* main.m in Sources */ = {isa = PBXBuildFile; fileRef = 022B186A14D1B5FE000503E2 /* main.m */; };
		029BCCF815128A92009E6549 /* ViewController.m in Sources */ = {isa = PBXBuildFile; fileRef = 022B187114D1B5FE000503E2 /* ViewController.m */; };
		029BCCF915128A94009E6549 /* AppDelegate.m in Sources */ = {isa = PBXBuildFile; fileRef = 022B186E14D1B5FE000503E2 /* AppDelegate.m */; };
		25404797166AFBDF00E13304 /* libZXingObjC-iOS.a in Frameworks */ = {isa = PBXBuildFile; fileRef = 02DBD1B3156E876300C6DF66 /* libZXingObjC-iOS.a */; };
		2540479B166AFC5900E13304 /* Default-568h@2x.png in Resources */ = {isa = PBXBuildFile; fileRef = 2540479A166AFC5900E13304 /* Default-568h@2x.png */; };
		2540479D166AFCD800E13304 /* AVFoundation.framework in Frameworks */ = {isa = PBXBuildFile; fileRef = 2540479C166AFCD800E13304 /* AVFoundation.framework */; };
		2540479F166AFCDC00E13304 /* CoreGraphics.framework in Frameworks */ = {isa = PBXBuildFile; fileRef = 2540479E166AFCDC00E13304 /* CoreGraphics.framework */; };
		254047A4166AFCF600E13304 /* ImageIO.framework in Frameworks */ = {isa = PBXBuildFile; fileRef = 254047A2166AFCE400E13304 /* ImageIO.framework */; };
		254047A5166AFD0200E13304 /* CoreVideo.framework in Frameworks */ = {isa = PBXBuildFile; fileRef = 254047A0166AFCE100E13304 /* CoreVideo.framework */; };
/* End PBXBuildFile section */

/* Begin PBXContainerItemProxy section */
		02DBD1B2156E876300C6DF66 /* PBXContainerItemProxy */ = {
			isa = PBXContainerItemProxy;
			containerPortal = 02DBD1A8156E876200C6DF66 /* ZXingObjC.xcodeproj */;
			proxyType = 2;
			remoteGlobalIDString = 02D26EE2151288DB007F8DC6;
			remoteInfo = "ZXingObjC-iOS";
		};
		02DBD1B4156E876300C6DF66 /* PBXContainerItemProxy */ = {
			isa = PBXContainerItemProxy;
			containerPortal = 02DBD1A8156E876200C6DF66 /* ZXingObjC.xcodeproj */;
			proxyType = 2;
			remoteGlobalIDString = 02D26EF2151288DB007F8DC6;
			remoteInfo = "ZXingObjCTests-iOS";
		};
		02DBD1B6156E876300C6DF66 /* PBXContainerItemProxy */ = {
			isa = PBXContainerItemProxy;
			containerPortal = 02DBD1A8156E876200C6DF66 /* ZXingObjC.xcodeproj */;
			proxyType = 2;
			remoteGlobalIDString = 027EA42C1545EA6A00BA753C;
			remoteInfo = "ZXingObjC-osx";
		};
		02DBD1B8156E876300C6DF66 /* PBXContainerItemProxy */ = {
			isa = PBXContainerItemProxy;
			containerPortal = 02DBD1A8156E876200C6DF66 /* ZXingObjC.xcodeproj */;
			proxyType = 2;
			remoteGlobalIDString = 027EA43E1545EA6A00BA753C;
			remoteInfo = "ZXingObjCTests-osx";
		};
		02DBD1BA156E87BE00C6DF66 /* PBXContainerItemProxy */ = {
			isa = PBXContainerItemProxy;
			containerPortal = 02DBD1A8156E876200C6DF66 /* ZXingObjC.xcodeproj */;
			proxyType = 1;
			remoteGlobalIDString = 25403CB2166A96FA00E13304;
			remoteInfo = "ZXingObjC-iOS";
		};
		25404794166AF9D400E13304 /* PBXContainerItemProxy */ = {
			isa = PBXContainerItemProxy;
			containerPortal = 02DBD1A8156E876200C6DF66 /* ZXingObjC.xcodeproj */;
			proxyType = 2;
			remoteGlobalIDString = 2540439E166ABA0A00E13304;
			remoteInfo = "OS X Framework";
		};
/* End PBXContainerItemProxy section */

/* Begin PBXFileReference section */
		022B185A14D1B5FE000503E2 /* QrCodeTest.app */ = {isa = PBXFileReference; explicitFileType = wrapper.application; includeInIndex = 0; path = QrCodeTest.app; sourceTree = BUILT_PRODUCTS_DIR; };
		022B185E14D1B5FE000503E2 /* UIKit.framework */ = {isa = PBXFileReference; lastKnownFileType = wrapper.framework; name = UIKit.framework; path = System/Library/Frameworks/UIKit.framework; sourceTree = SDKROOT; };
		022B186014D1B5FE000503E2 /* Foundation.framework */ = {isa = PBXFileReference; lastKnownFileType = wrapper.framework; name = Foundation.framework; path = System/Library/Frameworks/Foundation.framework; sourceTree = SDKROOT; };
		022B186614D1B5FE000503E2 /* QrCodeTest-Info.plist */ = {isa = PBXFileReference; lastKnownFileType = text.plist.xml; path = "QrCodeTest-Info.plist"; sourceTree = SOURCE_ROOT; };
		022B186814D1B5FE000503E2 /* en */ = {isa = PBXFileReference; lastKnownFileType = text.plist.strings; name = en; path = en.lproj/InfoPlist.strings; sourceTree = "<group>"; };
		022B186A14D1B5FE000503E2 /* main.m */ = {isa = PBXFileReference; lastKnownFileType = sourcecode.c.objc; path = main.m; sourceTree = SOURCE_ROOT; };
		022B186C14D1B5FE000503E2 /* QrCodeTest-Prefix.pch */ = {isa = PBXFileReference; lastKnownFileType = sourcecode.c.h; path = "QrCodeTest-Prefix.pch"; sourceTree = "<group>"; };
		022B186D14D1B5FE000503E2 /* AppDelegate.h */ = {isa = PBXFileReference; lastKnownFileType = sourcecode.c.h; path = AppDelegate.h; sourceTree = SOURCE_ROOT; };
		022B186E14D1B5FE000503E2 /* AppDelegate.m */ = {isa = PBXFileReference; lastKnownFileType = sourcecode.c.objc; path = AppDelegate.m; sourceTree = SOURCE_ROOT; };
		022B187014D1B5FE000503E2 /* ViewController.h */ = {isa = PBXFileReference; lastKnownFileType = sourcecode.c.h; path = ViewController.h; sourceTree = SOURCE_ROOT; };
		022B187114D1B5FE000503E2 /* ViewController.m */ = {isa = PBXFileReference; lastKnownFileType = sourcecode.c.objc; path = ViewController.m; sourceTree = SOURCE_ROOT; };
		026851F7151383A200394C7B /* ViewController.xib */ = {isa = PBXFileReference; fileEncoding = 4; lastKnownFileType = file.xib; path = ViewController.xib; sourceTree = SOURCE_ROOT; };
		02DBD1A8156E876200C6DF66 /* ZXingObjC.xcodeproj */ = {isa = PBXFileReference; lastKnownFileType = "wrapper.pb-project"; name = ZXingObjC.xcodeproj; path = ../../ZXingObjC.xcodeproj; sourceTree = "<group>"; };
		2540479A166AFC5900E13304 /* Default-568h@2x.png */ = {isa = PBXFileReference; lastKnownFileType = image.png; path = "Default-568h@2x.png"; sourceTree = SOURCE_ROOT; };
		2540479C166AFCD800E13304 /* AVFoundation.framework */ = {isa = PBXFileReference; lastKnownFileType = wrapper.framework; name = AVFoundation.framework; path = System/Library/Frameworks/AVFoundation.framework; sourceTree = SDKROOT; };
		2540479E166AFCDC00E13304 /* CoreGraphics.framework */ = {isa = PBXFileReference; lastKnownFileType = wrapper.framework; name = CoreGraphics.framework; path = System/Library/Frameworks/CoreGraphics.framework; sourceTree = SDKROOT; };
		254047A0166AFCE100E13304 /* CoreVideo.framework */ = {isa = PBXFileReference; lastKnownFileType = wrapper.framework; name = CoreVideo.framework; path = System/Library/Frameworks/CoreVideo.framework; sourceTree = SDKROOT; };
		254047A2166AFCE400E13304 /* ImageIO.framework */ = {isa = PBXFileReference; lastKnownFileType = wrapper.framework; name = ImageIO.framework; path = System/Library/Frameworks/ImageIO.framework; sourceTree = SDKROOT; };
/* End PBXFileReference section */

/* Begin PBXFrameworksBuildPhase section */
		022B185714D1B5FE000503E2 /* Frameworks */ = {
			isa = PBXFrameworksBuildPhase;
			buildActionMask = 2147483647;
			files = (
				25404797166AFBDF00E13304 /* libZXingObjC-iOS.a in Frameworks */,
				2540479D166AFCD800E13304 /* AVFoundation.framework in Frameworks */,
				2540479F166AFCDC00E13304 /* CoreGraphics.framework in Frameworks */,
				254047A5166AFD0200E13304 /* CoreVideo.framework in Frameworks */,
				022B186114D1B5FE000503E2 /* Foundation.framework in Frameworks */,
				254047A4166AFCF600E13304 /* ImageIO.framework in Frameworks */,
				022B185F14D1B5FE000503E2 /* UIKit.framework in Frameworks */,
			);
			runOnlyForDeploymentPostprocessing = 0;
		};
/* End PBXFrameworksBuildPhase section */

/* Begin PBXGroup section */
		022B184F14D1B5FE000503E2 = {
			isa = PBXGroup;
			children = (
				254047A2166AFCE400E13304 /* ImageIO.framework */,
				254047A0166AFCE100E13304 /* CoreVideo.framework */,
				2540479E166AFCDC00E13304 /* CoreGraphics.framework */,
				2540479C166AFCD800E13304 /* AVFoundation.framework */,
				022B186414D1B5FE000503E2 /* QrCodeTest */,
				022B185D14D1B5FE000503E2 /* Frameworks */,
				022B185B14D1B5FE000503E2 /* Products */,
			);
			sourceTree = "<group>";
		};
		022B185B14D1B5FE000503E2 /* Products */ = {
			isa = PBXGroup;
			children = (
				022B185A14D1B5FE000503E2 /* QrCodeTest.app */,
			);
			name = Products;
			sourceTree = "<group>";
		};
		022B185D14D1B5FE000503E2 /* Frameworks */ = {
			isa = PBXGroup;
			children = (
				02DBD1A8156E876200C6DF66 /* ZXingObjC.xcodeproj */,
				022B185E14D1B5FE000503E2 /* UIKit.framework */,
				022B186014D1B5FE000503E2 /* Foundation.framework */,
			);
			name = Frameworks;
			sourceTree = "<group>";
		};
		022B186414D1B5FE000503E2 /* QrCodeTest */ = {
			isa = PBXGroup;
			children = (
				2540479A166AFC5900E13304 /* Default-568h@2x.png */,
				022B186D14D1B5FE000503E2 /* AppDelegate.h */,
				022B186E14D1B5FE000503E2 /* AppDelegate.m */,
				022B187014D1B5FE000503E2 /* ViewController.h */,
				022B187114D1B5FE000503E2 /* ViewController.m */,
				026851F7151383A200394C7B /* ViewController.xib */,
				022B186514D1B5FE000503E2 /* Supporting Files */,
			);
			path = QrCodeTest;
			sourceTree = "<group>";
		};
		022B186514D1B5FE000503E2 /* Supporting Files */ = {
			isa = PBXGroup;
			children = (
				022B186614D1B5FE000503E2 /* QrCodeTest-Info.plist */,
				022B186714D1B5FE000503E2 /* InfoPlist.strings */,
				022B186A14D1B5FE000503E2 /* main.m */,
				022B186C14D1B5FE000503E2 /* QrCodeTest-Prefix.pch */,
			);
			name = "Supporting Files";
			sourceTree = "<group>";
		};
		02DBD1A9156E876200C6DF66 /* Products */ = {
			isa = PBXGroup;
			children = (
				02DBD1B3156E876300C6DF66 /* libZXingObjC-iOS.a */,
				02DBD1B5156E876300C6DF66 /* ZXingObjCTests-iOS.octest */,
				02DBD1B7156E876300C6DF66 /* libZXingObjC-osx.a */,
				02DBD1B9156E876300C6DF66 /* ZXingObjCTests-osx.octest */,
				25404795166AF9D400E13304 /* ZXingObjC.framework */,
			);
			name = Products;
			sourceTree = "<group>";
		};
/* End PBXGroup section */

/* Begin PBXNativeTarget section */
		022B185914D1B5FE000503E2 /* QrCodeTest */ = {
			isa = PBXNativeTarget;
			buildConfigurationList = 022B187814D1B5FE000503E2 /* Build configuration list for PBXNativeTarget "QrCodeTest" */;
			buildPhases = (
				022B185614D1B5FE000503E2 /* Sources */,
				022B185714D1B5FE000503E2 /* Frameworks */,
				022B185814D1B5FE000503E2 /* Resources */,
			);
			buildRules = (
			);
			dependencies = (
				02DBD1BB156E87BE00C6DF66 /* PBXTargetDependency */,
			);
			name = QrCodeTest;
			productName = QrCodeTest;
			productReference = 022B185A14D1B5FE000503E2 /* QrCodeTest.app */;
			productType = "com.apple.product-type.application";
		};
/* End PBXNativeTarget section */

/* Begin PBXProject section */
		022B185114D1B5FE000503E2 /* Project object */ = {
			isa = PBXProject;
			attributes = {
				LastUpgradeCheck = 0430;
				ORGANIZATIONNAME = "Draconis Software";
			};
			buildConfigurationList = 022B185414D1B5FE000503E2 /* Build configuration list for PBXProject "QrCodeTest" */;
			compatibilityVersion = "Xcode 3.2";
			developmentRegion = English;
			hasScannedForEncodings = 0;
			knownRegions = (
				en,
			);
			mainGroup = 022B184F14D1B5FE000503E2;
			productRefGroup = 022B185B14D1B5FE000503E2 /* Products */;
			projectDirPath = "";
			projectReferences = (
				{
					ProductGroup = 02DBD1A9156E876200C6DF66 /* Products */;
					ProjectRef = 02DBD1A8156E876200C6DF66 /* ZXingObjC.xcodeproj */;
				},
			);
			projectRoot = "";
			targets = (
				022B185914D1B5FE000503E2 /* QrCodeTest */,
			);
		};
/* End PBXProject section */

/* Begin PBXReferenceProxy section */
		02DBD1B3156E876300C6DF66 /* libZXingObjC-iOS.a */ = {
			isa = PBXReferenceProxy;
			fileType = archive.ar;
			path = "libZXingObjC-iOS.a";
			remoteRef = 02DBD1B2156E876300C6DF66 /* PBXContainerItemProxy */;
			sourceTree = BUILT_PRODUCTS_DIR;
		};
		02DBD1B5156E876300C6DF66 /* ZXingObjCTests-iOS.octest */ = {
			isa = PBXReferenceProxy;
			fileType = wrapper.cfbundle;
			path = "ZXingObjCTests-iOS.octest";
			remoteRef = 02DBD1B4156E876300C6DF66 /* PBXContainerItemProxy */;
			sourceTree = BUILT_PRODUCTS_DIR;
		};
		02DBD1B7156E876300C6DF66 /* libZXingObjC-osx.a */ = {
			isa = PBXReferenceProxy;
			fileType = archive.ar;
			path = "libZXingObjC-osx.a";
			remoteRef = 02DBD1B6156E876300C6DF66 /* PBXContainerItemProxy */;
			sourceTree = BUILT_PRODUCTS_DIR;
		};
		02DBD1B9156E876300C6DF66 /* ZXingObjCTests-osx.octest */ = {
			isa = PBXReferenceProxy;
			fileType = wrapper.cfbundle;
			path = "ZXingObjCTests-osx.octest";
			remoteRef = 02DBD1B8156E876300C6DF66 /* PBXContainerItemProxy */;
			sourceTree = BUILT_PRODUCTS_DIR;
		};
		25404795166AF9D400E13304 /* ZXingObjC.framework */ = {
			isa = PBXReferenceProxy;
			fileType = wrapper.framework;
			path = ZXingObjC.framework;
			remoteRef = 25404794166AF9D400E13304 /* PBXContainerItemProxy */;
			sourceTree = BUILT_PRODUCTS_DIR;
		};
/* End PBXReferenceProxy section */

/* Begin PBXResourcesBuildPhase section */
		022B185814D1B5FE000503E2 /* Resources */ = {
			isa = PBXResourcesBuildPhase;
			buildActionMask = 2147483647;
			files = (
				022B186914D1B5FE000503E2 /* InfoPlist.strings in Resources */,
				026851F8151383A200394C7B /* ViewController.xib in Resources */,
				2540479B166AFC5900E13304 /* Default-568h@2x.png in Resources */,
			);
			runOnlyForDeploymentPostprocessing = 0;
		};
/* End PBXResourcesBuildPhase section */

/* Begin PBXSourcesBuildPhase section */
		022B185614D1B5FE000503E2 /* Sources */ = {
			isa = PBXSourcesBuildPhase;
			buildActionMask = 2147483647;
			files = (
				029BCCF715128A90009E6549 /* main.m in Sources */,
				029BCCF815128A92009E6549 /* ViewController.m in Sources */,
				029BCCF915128A94009E6549 /* AppDelegate.m in Sources */,
			);
			runOnlyForDeploymentPostprocessing = 0;
		};
/* End PBXSourcesBuildPhase section */

/* Begin PBXTargetDependency section */
		02DBD1BB156E87BE00C6DF66 /* PBXTargetDependency */ = {
			isa = PBXTargetDependency;
			name = "ZXingObjC-iOS";
			targetProxy = 02DBD1BA156E87BE00C6DF66 /* PBXContainerItemProxy */;
		};
/* End PBXTargetDependency section */

/* Begin PBXVariantGroup section */
		022B186714D1B5FE000503E2 /* InfoPlist.strings */ = {
			isa = PBXVariantGroup;
			children = (
				022B186814D1B5FE000503E2 /* en */,
			);
			name = InfoPlist.strings;
			sourceTree = SOURCE_ROOT;
		};
/* End PBXVariantGroup section */

/* Begin XCBuildConfiguration section */
		022B187614D1B5FE000503E2 /* Debug */ = {
			isa = XCBuildConfiguration;
			buildSettings = {
				ALWAYS_SEARCH_USER_PATHS = NO;
				ARCHS = "$(ARCHS_STANDARD_32_BIT)";
				"CODE_SIGN_IDENTITY[sdk=iphoneos*]" = "iPhone Developer";
				COPY_PHASE_STRIP = NO;
				GCC_C_LANGUAGE_STANDARD = gnu99;
				GCC_DYNAMIC_NO_PIC = NO;
				GCC_OPTIMIZATION_LEVEL = 0;
				GCC_PREPROCESSOR_DEFINITIONS = (
					"DEBUG=1",
					"$(inherited)",
				);
				GCC_SYMBOLS_PRIVATE_EXTERN = NO;
				GCC_VERSION = com.apple.compilers.llvm.clang.1_0;
				GCC_WARN_ABOUT_MISSING_PROTOTYPES = YES;
				GCC_WARN_ABOUT_RETURN_TYPE = YES;
				GCC_WARN_UNUSED_VARIABLE = YES;
				IPHONEOS_DEPLOYMENT_TARGET = 4.3;
				SDKROOT = iphoneos;
			};
			name = Debug;
		};
		022B187714D1B5FE000503E2 /* Release */ = {
			isa = XCBuildConfiguration;
			buildSettings = {
				ALWAYS_SEARCH_USER_PATHS = NO;
				ARCHS = "$(ARCHS_STANDARD_32_BIT)";
				"CODE_SIGN_IDENTITY[sdk=iphoneos*]" = "iPhone Developer";
				COPY_PHASE_STRIP = YES;
				GCC_C_LANGUAGE_STANDARD = gnu99;
				GCC_VERSION = com.apple.compilers.llvm.clang.1_0;
				GCC_WARN_ABOUT_MISSING_PROTOTYPES = YES;
				GCC_WARN_ABOUT_RETURN_TYPE = YES;
				GCC_WARN_UNUSED_VARIABLE = YES;
				IPHONEOS_DEPLOYMENT_TARGET = 4.3;
				OTHER_CFLAGS = "-DNS_BLOCK_ASSERTIONS=1";
				SDKROOT = iphoneos;
				VALIDATE_PRODUCT = YES;
			};
			name = Release;
		};
		022B187914D1B5FE000503E2 /* Debug */ = {
			isa = XCBuildConfiguration;
			buildSettings = {
				GCC_PRECOMPILE_PREFIX_HEADER = YES;
				GCC_PREFIX_HEADER = "QrCodeTest-Prefix.pch";
				INFOPLIST_FILE = "QrCodeTest-Info.plist";
				PRODUCT_NAME = "$(TARGET_NAME)";
				WRAPPER_EXTENSION = app;
			};
			name = Debug;
		};
		022B187A14D1B5FE000503E2 /* Release */ = {
			isa = XCBuildConfiguration;
			buildSettings = {
				GCC_PRECOMPILE_PREFIX_HEADER = YES;
				GCC_PREFIX_HEADER = "QrCodeTest-Prefix.pch";
				INFOPLIST_FILE = "QrCodeTest-Info.plist";
				PRODUCT_NAME = "$(TARGET_NAME)";
				WRAPPER_EXTENSION = app;
			};
			name = Release;
		};
/* End XCBuildConfiguration section */

/* Begin XCConfigurationList section */
		022B185414D1B5FE000503E2 /* Build configuration list for PBXProject "QrCodeTest" */ = {
			isa = XCConfigurationList;
			buildConfigurations = (
				022B187614D1B5FE000503E2 /* Debug */,
				022B187714D1B5FE000503E2 /* Release */,
			);
			defaultConfigurationIsVisible = 0;
			defaultConfigurationName = Release;
		};
		022B187814D1B5FE000503E2 /* Build configuration list for PBXNativeTarget "QrCodeTest" */ = {
			isa = XCConfigurationList;
			buildConfigurations = (
				022B187914D1B5FE000503E2 /* Debug */,
				022B187A14D1B5FE000503E2 /* Release */,
			);
			defaultConfigurationIsVisible = 0;
			defaultConfigurationName = Release;
		};
/* End XCConfigurationList section */
	};
	rootObject = 022B185114D1B5FE000503E2 /* Project object */;
}
