// !$*UTF8*$!
{
	archiveVersion = 1;
	classes = {
	};
	objectVersion = 46;
	objects = {

/* Begin PBXBuildFile section */
		022B185F14D1B5FE000503E2 /* UIKit.framework in Frameworks */ = {isa = PBXBuildFile; fileRef = 022B185E14D1B5FE000503E2 /* UIKit.framework */; };
		022B186114D1B5FE000503E2 /* Foundation.framework in Frameworks */ = {isa = PBXBuildFile; fileRef = 022B186014D1B5FE000503E2 /* Foundation.framework */; };
		022B186914D1B5FE000503E2 /* InfoPlist.strings in Resources */ = {isa = PBXBuildFile; fileRef = 022B186714D1B5FE000503E2 /* InfoPlist.strings */; };
		0248363016CC14F8001E03E4 /* CoreMedia.framework in Frameworks */ = {isa = PBXBuildFile; fileRef = 0248362F16CC14F8001E03E4 /* CoreMedia.framework */; };
		0248363216CC14FF001E03E4 /* QuartzCore.framework in Frameworks */ = {isa = PBXBuildFile; fileRef = 0248363116CC14FF001E03E4 /* QuartzCore.framework */; };
		026851F8151383A200394C7B /* ViewController.xib in Resources */ = {isa = PBXBuildFile; fileRef = 026851F7151383A200394C7B /* ViewController.xib */; };
		029BCCF715128A90009E6549 /* main.m in Sources */ = {isa = PBXBuildFile; fileRef = 022B186A14D1B5FE000503E2 /* main.m */; };
		029BCCF815128A92009E6549 /* ViewController.m in Sources */ = {isa = PBXBuildFile; fileRef = 022B187114D1B5FE000503E2 /* ViewController.m */; };
		029BCCF915128A94009E6549 /* AppDelegate.m in Sources */ = {isa = PBXBuildFile; fileRef = 022B186E14D1B5FE000503E2 /* AppDelegate.m */; };
		2540479B166AFC5900E13304 /* Default-568h@2x.png in Resources */ = {isa = PBXBuildFile; fileRef = 2540479A166AFC5900E13304 /* Default-568h@2x.png */; };
		2540479D166AFCD800E13304 /* AVFoundation.framework in Frameworks */ = {isa = PBXBuildFile; fileRef = 2540479C166AFCD800E13304 /* AVFoundation.framework */; };
		2540479F166AFCDC00E13304 /* CoreGraphics.framework in Frameworks */ = {isa = PBXBuildFile; fileRef = 2540479E166AFCDC00E13304 /* CoreGraphics.framework */; };
		254047A4166AFCF600E13304 /* ImageIO.framework in Frameworks */ = {isa = PBXBuildFile; fileRef = 254047A2166AFCE400E13304 /* ImageIO.framework */; };
		254047A5166AFD0200E13304 /* CoreVideo.framework in Frameworks */ = {isa = PBXBuildFile; fileRef = 254047A0166AFCE100E13304 /* CoreVideo.framework */; };
		25FFF6BB183983E900C2E985 /* libZXingObjC-iOS.a in Frameworks */ = {isa = PBXBuildFile; fileRef = 25FFF6B0183983D400C2E985 /* libZXingObjC-iOS.a */; };
/* End PBXBuildFile section */

/* Begin PBXContainerItemProxy section */
		027E588A1ABC5D4200C334CA /* PBXContainerItemProxy */ = {
			isa = PBXContainerItemProxy;
			containerPortal = 25FFF6A7183983D400C2E985 /* ZXingObjC.xcodeproj */;
			proxyType = 2;
			remoteGlobalIDString = DB72547F1A523C9200EFF81B;
			remoteInfo = "iOS Framework";
		};
		25FFF6AF183983D400C2E985 /* PBXContainerItemProxy */ = {
			isa = PBXContainerItemProxy;
			containerPortal = 25FFF6A7183983D400C2E985 /* ZXingObjC.xcodeproj */;
			proxyType = 2;
			remoteGlobalIDString = 25403CB3166A96FA00E13304;
			remoteInfo = "ZXingObjC-iOS";
		};
		25FFF6B1183983D400C2E985 /* PBXContainerItemProxy */ = {
			isa = PBXContainerItemProxy;
			containerPortal = 25FFF6A7183983D400C2E985 /* ZXingObjC.xcodeproj */;
			proxyType = 2;
			remoteGlobalIDString = 25403CC4166A96FA00E13304;
			remoteInfo = "ZXingObjCTests-iOS";
		};
		25FFF6B3183983D400C2E985 /* PBXContainerItemProxy */ = {
			isa = PBXContainerItemProxy;
			containerPortal = 25FFF6A7183983D400C2E985 /* ZXingObjC.xcodeproj */;
			proxyType = 2;
			remoteGlobalIDString = 25404166166AADAC00E13304;
			remoteInfo = "ZXingObjC-osx";
		};
		25FFF6B5183983D400C2E985 /* PBXContainerItemProxy */ = {
			isa = PBXContainerItemProxy;
			containerPortal = 25FFF6A7183983D400C2E985 /* ZXingObjC.xcodeproj */;
			proxyType = 2;
			remoteGlobalIDString = 25404178166AADAC00E13304;
			remoteInfo = "ZXingObjCTests-osx";
		};
		25FFF6B7183983D400C2E985 /* PBXContainerItemProxy */ = {
			isa = PBXContainerItemProxy;
			containerPortal = 25FFF6A7183983D400C2E985 /* ZXingObjC.xcodeproj */;
			proxyType = 2;
			remoteGlobalIDString = 2540439E166ABA0A00E13304;
			remoteInfo = "OS X Framework";
		};
		25FFF6B9183983E500C2E985 /* PBXContainerItemProxy */ = {
			isa = PBXContainerItemProxy;
			containerPortal = 25FFF6A7183983D400C2E985 /* ZXingObjC.xcodeproj */;
			proxyType = 1;
			remoteGlobalIDString = 25403CB2166A96FA00E13304;
			remoteInfo = "ZXingObjC-iOS";
		};
/* End PBXContainerItemProxy section */

/* Begin PBXFileReference section */
		022B185A14D1B5FE000503E2 /* QrCodeTest.app */ = {isa = PBXFileReference; explicitFileType = wrapper.application; includeInIndex = 0; path = QrCodeTest.app; sourceTree = BUILT_PRODUCTS_DIR; };
		022B185E14D1B5FE000503E2 /* UIKit.framework */ = {isa = PBXFileReference; lastKnownFileType = wrapper.framework; name = UIKit.framework; path = System/Library/Frameworks/UIKit.framework; sourceTree = SDKROOT; };
		022B186014D1B5FE000503E2 /* Foundation.framework */ = {isa = PBXFileReference; lastKnownFileType = wrapper.framework; name = Foundation.framework; path = System/Library/Frameworks/Foundation.framework; sourceTree = SDKROOT; };
		022B186614D1B5FE000503E2 /* QrCodeTest-Info.plist */ = {isa = PBXFileReference; lastKnownFileType = text.plist.xml; path = "QrCodeTest-Info.plist"; sourceTree = SOURCE_ROOT; };
		022B186814D1B5FE000503E2 /* en */ = {isa = PBXFileReference; lastKnownFileType = text.plist.strings; name = en; path = en.lproj/InfoPlist.strings; sourceTree = "<group>"; };
		022B186A14D1B5FE000503E2 /* main.m */ = {isa = PBXFileReference; lastKnownFileType = sourcecode.c.objc; path = main.m; sourceTree = SOURCE_ROOT; };
		022B186C14D1B5FE000503E2 /* QrCodeTest-Prefix.pch */ = {isa = PBXFileReference; lastKnownFileType = sourcecode.c.h; path = "QrCodeTest-Prefix.pch"; sourceTree = "<group>"; };
		022B186D14D1B5FE000503E2 /* AppDelegate.h */ = {isa = PBXFileReference; lastKnownFileType = sourcecode.c.h; path = AppDelegate.h; sourceTree = SOURCE_ROOT; };
		022B186E14D1B5FE000503E2 /* AppDelegate.m */ = {isa = PBXFileReference; lastKnownFileType = sourcecode.c.objc; path = AppDelegate.m; sourceTree = SOURCE_ROOT; };
		022B187014D1B5FE000503E2 /* ViewController.h */ = {isa = PBXFileReference; lastKnownFileType = sourcecode.c.h; path = ViewController.h; sourceTree = SOURCE_ROOT; };
		022B187114D1B5FE000503E2 /* ViewController.m */ = {isa = PBXFileReference; lastKnownFileType = sourcecode.c.objc; path = ViewController.m; sourceTree = SOURCE_ROOT; };
		0248362F16CC14F8001E03E4 /* CoreMedia.framework */ = {isa = PBXFileReference; lastKnownFileType = wrapper.framework; name = CoreMedia.framework; path = System/Library/Frameworks/CoreMedia.framework; sourceTree = SDKROOT; };
		0248363116CC14FF001E03E4 /* QuartzCore.framework */ = {isa = PBXFileReference; lastKnownFileType = wrapper.framework; name = QuartzCore.framework; path = System/Library/Frameworks/QuartzCore.framework; sourceTree = SDKROOT; };
		026851F7151383A200394C7B /* ViewController.xib */ = {isa = PBXFileReference; fileEncoding = 4; lastKnownFileType = file.xib; path = ViewController.xib; sourceTree = SOURCE_ROOT; };
		2540479A166AFC5900E13304 /* Default-568h@2x.png */ = {isa = PBXFileReference; lastKnownFileType = image.png; path = "Default-568h@2x.png"; sourceTree = SOURCE_ROOT; };
		2540479C166AFCD800E13304 /* AVFoundation.framework */ = {isa = PBXFileReference; lastKnownFileType = wrapper.framework; name = AVFoundation.framework; path = System/Library/Frameworks/AVFoundation.framework; sourceTree = SDKROOT; };
		2540479E166AFCDC00E13304 /* CoreGraphics.framework */ = {isa = PBXFileReference; lastKnownFileType = wrapper.framework; name = CoreGraphics.framework; path = System/Library/Frameworks/CoreGraphics.framework; sourceTree = SDKROOT; };
		254047A0166AFCE100E13304 /* CoreVideo.framework */ = {isa = PBXFileReference; lastKnownFileType = wrapper.framework; name = CoreVideo.framework; path = System/Library/Frameworks/CoreVideo.framework; sourceTree = SDKROOT; };
		254047A2166AFCE400E13304 /* ImageIO.framework */ = {isa = PBXFileReference; lastKnownFileType = wrapper.framework; name = ImageIO.framework; path = System/Library/Frameworks/ImageIO.framework; sourceTree = SDKROOT; };
		25FFF6A7183983D400C2E985 /* ZXingObjC.xcodeproj */ = {isa = PBXFileReference; lastKnownFileType = "wrapper.pb-project"; name = ZXingObjC.xcodeproj; path = ../../ZXingObjC.xcodeproj; sourceTree = "<group>"; };
/* End PBXFileReference section */

/* Begin PBXFrameworksBuildPhase section */
		022B185714D1B5FE000503E2 /* Frameworks */ = {
			isa = PBXFrameworksBuildPhase;
			buildActionMask = 2147483647;
			files = (
				25FFF6BB183983E900C2E985 /* libZXingObjC-iOS.a in Frameworks */,
				0248363216CC14FF001E03E4 /* QuartzCore.framework in Frameworks */,
				0248363016CC14F8001E03E4 /* CoreMedia.framework in Frameworks */,
				2540479D166AFCD800E13304 /* AVFoundation.framework in Frameworks */,
				2540479F166AFCDC00E13304 /* CoreGraphics.framework in Frameworks */,
				254047A5166AFD0200E13304 /* CoreVideo.framework in Frameworks */,
				022B186114D1B5FE000503E2 /* Foundation.framework in Frameworks */,
				254047A4166AFCF600E13304 /* ImageIO.framework in Frameworks */,
				022B185F14D1B5FE000503E2 /* UIKit.framework in Frameworks */,
			);
			runOnlyForDeploymentPostprocessing = 0;
		};
/* End PBXFrameworksBuildPhase section */

/* Begin PBXGroup section */
		022B184F14D1B5FE000503E2 = {
			isa = PBXGroup;
			children = (
				022B186414D1B5FE000503E2 /* QrCodeTest */,
				022B185D14D1B5FE000503E2 /* Frameworks */,
				022B185B14D1B5FE000503E2 /* Products */,
				25FFF6A7183983D400C2E985 /* ZXingObjC.xcodeproj */,
			);
			sourceTree = "<group>";
		};
		022B185B14D1B5FE000503E2 /* Products */ = {
			isa = PBXGroup;
			children = (
				022B185A14D1B5FE000503E2 /* QrCodeTest.app */,
			);
			name = Products;
			sourceTree = "<group>";
		};
		022B185D14D1B5FE000503E2 /* Frameworks */ = {
			isa = PBXGroup;
			children = (
				022B185E14D1B5FE000503E2 /* UIKit.framework */,
				022B186014D1B5FE000503E2 /* Foundation.framework */,
				254047A2166AFCE400E13304 /* ImageIO.framework */,
				0248363116CC14FF001E03E4 /* QuartzCore.framework */,
				0248362F16CC14F8001E03E4 /* CoreMedia.framework */,
				254047A0166AFCE100E13304 /* CoreVideo.framework */,
				2540479E166AFCDC00E13304 /* CoreGraphics.framework */,
				2540479C166AFCD800E13304 /* AVFoundation.framework */,
			);
			name = Frameworks;
			sourceTree = "<group>";
		};
		022B186414D1B5FE000503E2 /* QrCodeTest */ = {
			isa = PBXGroup;
			children = (
				2540479A166AFC5900E13304 /* Default-568h@2x.png */,
				022B186D14D1B5FE000503E2 /* AppDelegate.h */,
				022B186E14D1B5FE000503E2 /* AppDelegate.m */,
				022B187014D1B5FE000503E2 /* ViewController.h */,
				022B187114D1B5FE000503E2 /* ViewController.m */,
				026851F7151383A200394C7B /* ViewController.xib */,
				022B186514D1B5FE000503E2 /* Supporting Files */,
			);
			path = QrCodeTest;
			sourceTree = "<group>";
		};
		022B186514D1B5FE000503E2 /* Supporting Files */ = {
			isa = PBXGroup;
			children = (
				022B186614D1B5FE000503E2 /* QrCodeTest-Info.plist */,
				022B186714D1B5FE000503E2 /* InfoPlist.strings */,
				022B186A14D1B5FE000503E2 /* main.m */,
				022B186C14D1B5FE000503E2 /* QrCodeTest-Prefix.pch */,
			);
			name = "Supporting Files";
			sourceTree = "<group>";
		};
		25FFF6A8183983D400C2E985 /* Products */ = {
			isa = PBXGroup;
			children = (
				25FFF6B0183983D400C2E985 /* libZXingObjC-iOS.a */,
				25FFF6B2183983D400C2E985 /* Unit Tests iOS.xctest */,
				25FFF6B4183983D400C2E985 /* libZXingObjC-osx.a */,
				25FFF6B6183983D400C2E985 /* Unit Tests OS X.xctest */,
				25FFF6B8183983D400C2E985 /* ZXingObjC.framework */,
				027E588B1ABC5D4200C334CA /* ZXingObjC.framework */,
			);
			name = Products;
			sourceTree = "<group>";
		};
/* End PBXGroup section */

/* Begin PBXNativeTarget section */
		022B185914D1B5FE000503E2 /* QrCodeTest */ = {
			isa = PBXNativeTarget;
			buildConfigurationList = 022B187814D1B5FE000503E2 /* Build configuration list for PBXNativeTarget "QrCodeTest" */;
			buildPhases = (
				022B185614D1B5FE000503E2 /* Sources */,
				022B185714D1B5FE000503E2 /* Frameworks */,
				022B185814D1B5FE000503E2 /* Resources */,
			);
			buildRules = (
			);
			dependencies = (
				25FFF6BA183983E500C2E985 /* PBXTargetDependency */,
			);
			name = QrCodeTest;
			productName = QrCodeTest;
			productReference = 022B185A14D1B5FE000503E2 /* QrCodeTest.app */;
			productType = "com.apple.product-type.application";
		};
/* End PBXNativeTarget section */

/* Begin PBXProject section */
		022B185114D1B5FE000503E2 /* Project object */ = {
			isa = PBXProject;
			attributes = {
				LastUpgradeCheck = 0620;
				ORGANIZATIONNAME = "Draconis Software";
				TargetAttributes = {
					022B185914D1B5FE000503E2 = {
						DevelopmentTeam = 6N6S8VZUT9;
					};
				};
			};
			buildConfigurationList = 022B185414D1B5FE000503E2 /* Build configuration list for PBXProject "QrCodeTest" */;
			compatibilityVersion = "Xcode 3.2";
			developmentRegion = English;
			hasScannedForEncodings = 0;
			knownRegions = (
				en,
			);
			mainGroup = 022B184F14D1B5FE000503E2;
			productRefGroup = 022B185B14D1B5FE000503E2 /* Products */;
			projectDirPath = "";
			projectReferences = (
				{
					ProductGroup = 25FFF6A8183983D400C2E985 /* Products */;
					ProjectRef = 25FFF6A7183983D400C2E985 /* ZXingObjC.xcodeproj */;
				},
			);
			projectRoot = "";
			targets = (
				022B185914D1B5FE000503E2 /* QrCodeTest */,
			);
		};
/* End PBXProject section */

/* Begin PBXReferenceProxy section */
		027E588B1ABC5D4200C334CA /* ZXingObjC.framework */ = {
			isa = PBXReferenceProxy;
			fileType = wrapper.framework;
			path = ZXingObjC.framework;
			remoteRef = 027E588A1ABC5D4200C334CA /* PBXContainerItemProxy */;
			sourceTree = BUILT_PRODUCTS_DIR;
		};
		25FFF6B0183983D400C2E985 /* libZXingObjC-iOS.a */ = {
			isa = PBXReferenceProxy;
			fileType = archive.ar;
			path = "libZXingObjC-iOS.a";
			remoteRef = 25FFF6AF183983D400C2E985 /* PBXContainerItemProxy */;
			sourceTree = BUILT_PRODUCTS_DIR;
		};
		25FFF6B2183983D400C2E985 /* Unit Tests iOS.xctest */ = {
			isa = PBXReferenceProxy;
			fileType = wrapper.cfbundle;
			path = "Unit Tests iOS.xctest";
			remoteRef = 25FFF6B1183983D400C2E985 /* PBXContainerItemProxy */;
			sourceTree = BUILT_PRODUCTS_DIR;
		};
		25FFF6B4183983D400C2E985 /* libZXingObjC-osx.a */ = {
			isa = PBXReferenceProxy;
			fileType = archive.ar;
			path = "libZXingObjC-osx.a";
			remoteRef = 25FFF6B3183983D400C2E985 /* PBXContainerItemProxy */;
			sourceTree = BUILT_PRODUCTS_DIR;
		};
		25FFF6B6183983D400C2E985 /* Unit Tests OS X.xctest */ = {
			isa = PBXReferenceProxy;
			fileType = wrapper.cfbundle;
			path = "Unit Tests OS X.xctest";
			remoteRef = 25FFF6B5183983D400C2E985 /* PBXContainerItemProxy */;
			sourceTree = BUILT_PRODUCTS_DIR;
		};
		25FFF6B8183983D400C2E985 /* ZXingObjC.framework */ = {
			isa = PBXReferenceProxy;
			fileType = wrapper.framework;
			path = ZXingObjC.framework;
			remoteRef = 25FFF6B7183983D400C2E985 /* PBXContainerItemProxy */;
			sourceTree = BUILT_PRODUCTS_DIR;
		};
/* End PBXReferenceProxy section */

/* Begin PBXResourcesBuildPhase section */
		022B185814D1B5FE000503E2 /* Resources */ = {
			isa = PBXResourcesBuildPhase;
			buildActionMask = 2147483647;
			files = (
				022B186914D1B5FE000503E2 /* InfoPlist.strings in Resources */,
				026851F8151383A200394C7B /* ViewController.xib in Resources */,
				2540479B166AFC5900E13304 /* Default-568h@2x.png in Resources */,
			);
			runOnlyForDeploymentPostprocessing = 0;
		};
/* End PBXResourcesBuildPhase section */

/* Begin PBXSourcesBuildPhase section */
		022B185614D1B5FE000503E2 /* Sources */ = {
			isa = PBXSourcesBuildPhase;
			buildActionMask = 2147483647;
			files = (
				029BCCF715128A90009E6549 /* main.m in Sources */,
				029BCCF815128A92009E6549 /* ViewController.m in Sources */,
				029BCCF915128A94009E6549 /* AppDelegate.m in Sources */,
			);
			runOnlyForDeploymentPostprocessing = 0;
		};
/* End PBXSourcesBuildPhase section */

/* Begin PBXTargetDependency section */
		25FFF6BA183983E500C2E985 /* PBXTargetDependency */ = {
			isa = PBXTargetDependency;
			name = "ZXingObjC-iOS";
			targetProxy = 25FFF6B9183983E500C2E985 /* PBXContainerItemProxy */;
		};
/* End PBXTargetDependency section */

/* Begin PBXVariantGroup section */
		022B186714D1B5FE000503E2 /* InfoPlist.strings */ = {
			isa = PBXVariantGroup;
			children = (
				022B186814D1B5FE000503E2 /* en */,
			);
			name = InfoPlist.strings;
			sourceTree = SOURCE_ROOT;
		};
/* End PBXVariantGroup section */

/* Begin XCBuildConfiguration section */
		022B187614D1B5FE000503E2 /* Debug */ = {
			isa = XCBuildConfiguration;
			buildSettings = {
				ALWAYS_SEARCH_USER_PATHS = NO;
				CLANG_WARN_BOOL_CONVERSION = YES;
				CLANG_WARN_CONSTANT_CONVERSION = YES;
				CLANG_WARN_EMPTY_BODY = YES;
				CLANG_WARN_ENUM_CONVERSION = YES;
				CLANG_WARN_INT_CONVERSION = YES;
				CLANG_WARN_UNREACHABLE_CODE = YES;
				CLANG_WARN__DUPLICATE_METHOD_MATCH = YES;
				"CODE_SIGN_IDENTITY[sdk=iphoneos*]" = "iPhone Developer";
				COPY_PHASE_STRIP = NO;
				ENABLE_STRICT_OBJC_MSGSEND = YES;
				GCC_C_LANGUAGE_STANDARD = gnu99;
				GCC_DYNAMIC_NO_PIC = NO;
				GCC_OPTIMIZATION_LEVEL = 0;
				GCC_PREPROCESSOR_DEFINITIONS = (
					"DEBUG=1",
					"$(inherited)",
				);
				GCC_SYMBOLS_PRIVATE_EXTERN = NO;
				GCC_VERSION = com.apple.compilers.llvm.clang.1_0;
				GCC_WARN_64_TO_32_BIT_CONVERSION = YES;
				GCC_WARN_ABOUT_MISSING_PROTOTYPES = YES;
				GCC_WARN_ABOUT_RETURN_TYPE = YES;
				GCC_WARN_UNDECLARED_SELECTOR = YES;
				GCC_WARN_UNINITIALIZED_AUTOS = YES;
				GCC_WARN_UNUSED_FUNCTION = YES;
				GCC_WARN_UNUSED_VARIABLE = YES;
				IPHONEOS_DEPLOYMENT_TARGET = 4.3;
				ONLY_ACTIVE_ARCH = YES;
				SDKROOT = iphoneos;
			};
			name = Debug;
		};
		022B187714D1B5FE000503E2 /* Release */ = {
			isa = XCBuildConfiguration;
			buildSettings = {
				ALWAYS_SEARCH_USER_PATHS = NO;
				CLANG_WARN_BOOL_CONVERSION = YES;
				CLANG_WARN_CONSTANT_CONVERSION = YES;
				CLANG_WARN_EMPTY_BODY = YES;
				CLANG_WARN_ENUM_CONVERSION = YES;
				CLANG_WARN_INT_CONVERSION = YES;
				CLANG_WARN_UNREACHABLE_CODE = YES;
				CLANG_WARN__DUPLICATE_METHOD_MATCH = YES;
				"CODE_SIGN_IDENTITY[sdk=iphoneos*]" = "iPhone Developer";
				COPY_PHASE_STRIP = YES;
				ENABLE_STRICT_OBJC_MSGSEND = YES;
				GCC_C_LANGUAGE_STANDARD = gnu99;
				GCC_VERSION = com.apple.compilers.llvm.clang.1_0;
				GCC_WARN_64_TO_32_BIT_CONVERSION = YES;
				GCC_WARN_ABOUT_MISSING_PROTOTYPES = YES;
				GCC_WARN_ABOUT_RETURN_TYPE = YES;
				GCC_WARN_UNDECLARED_SELECTOR = YES;
				GCC_WARN_UNINITIALIZED_AUTOS = YES;
				GCC_WARN_UNUSED_FUNCTION = YES;
				GCC_WARN_UNUSED_VARIABLE = YES;
				IPHONEOS_DEPLOYMENT_TARGET = 4.3;
				OTHER_CFLAGS = "-DNS_BLOCK_ASSERTIONS=1";
				SDKROOT = iphoneos;
				VALIDATE_PRODUCT = YES;
			};
			name = Release;
		};
		022B187914D1B5FE000503E2 /* Debug */ = {
			isa = XCBuildConfiguration;
			buildSettings = {
				CLANG_ENABLE_OBJC_ARC = YES;
				CODE_SIGN_IDENTITY = "iPhone Developer";
				GCC_PRECOMPILE_PREFIX_HEADER = YES;
				GCC_PREFIX_HEADER = "QrCodeTest-Prefix.pch";
				HEADER_SEARCH_PATHS = (
					"$(inherited)",
					"$(SRCROOT)/../../**",
				);
				INFOPLIST_FILE = "QrCodeTest-Info.plist";
				IPHONEOS_DEPLOYMENT_TARGET = 6.0;
				PRODUCT_NAME = "$(TARGET_NAME)";
				PROVISIONING_PROFILE = "";
				WRAPPER_EXTENSION = app;
			};
			name = Debug;
		};
		022B187A14D1B5FE000503E2 /* Release */ = {
			isa = XCBuildConfiguration;
			buildSettings = {
				CLANG_ENABLE_OBJC_ARC = YES;
				CODE_SIGN_IDENTITY = "iPhone Developer";
				GCC_PRECOMPILE_PREFIX_HEADER = YES;
				GCC_PREFIX_HEADER = "QrCodeTest-Prefix.pch";
				HEADER_SEARCH_PATHS = (
					"$(inherited)",
					"$(SRCROOT)/../../**",
				);
				INFOPLIST_FILE = "QrCodeTest-Info.plist";
				IPHONEOS_DEPLOYMENT_TARGET = 6.0;
				PRODUCT_NAME = "$(TARGET_NAME)";
				PROVISIONING_PROFILE = "";
				WRAPPER_EXTENSION = app;
			};
			name = Release;
		};
/* End XCBuildConfiguration section */

/* Begin XCConfigurationList section */
		022B185414D1B5FE000503E2 /* Build configuration list for PBXProject "QrCodeTest" */ = {
			isa = XCConfigurationList;
			buildConfigurations = (
				022B187614D1B5FE000503E2 /* Debug */,
				022B187714D1B5FE000503E2 /* Release */,
			);
			defaultConfigurationIsVisible = 0;
			defaultConfigurationName = Release;
		};
		022B187814D1B5FE000503E2 /* Build configuration list for PBXNativeTarget "QrCodeTest" */ = {
			isa = XCConfigurationList;
			buildConfigurations = (
				022B187914D1B5FE000503E2 /* Debug */,
				022B187A14D1B5FE000503E2 /* Release */,
			);
			defaultConfigurationIsVisible = 0;
			defaultConfigurationName = Release;
		};
/* End XCConfigurationList section */
	};
	rootObject = 022B185114D1B5FE000503E2 /* Project object */;
}
